// !$*UTF8*$!
{
	archiveVersion = 1;
	classes = {
	};
	objectVersion = 46;
	objects = {

/* Begin PBXBuildFile section */
		E560F6B4173E0A7600F3C277 /* Box2DTests-Info.plist in Resources */ = {isa = PBXBuildFile; fileRef = E560F6AF173E0A7600F3C277 /* Box2DTests-Info.plist */; };
		E560F6B5173E0A7600F3C277 /* InfoPlist.strings in Resources */ = {isa = PBXBuildFile; fileRef = E560F6B0173E0A7600F3C277 /* InfoPlist.strings */; };
		E560F6B6173E0A7600F3C277 /* B2DWorldTest.mm in Sources */ = {isa = PBXBuildFile; fileRef = E560F6B3173E0A7600F3C277 /* B2DWorldTest.mm */; };
		E560F700173E0C1F00F3C277 /* B2DContactListener.h in Headers */ = {isa = PBXBuildFile; fileRef = E57A1284173DFFEF002055C2 /* B2DContactListener.h */; settings = {ATTRIBUTES = (Public, ); }; };
		E560F701173E0C2200F3C277 /* B2DCircleShape.h in Headers */ = {isa = PBXBuildFile; fileRef = E57A1289173DFFEF002055C2 /* B2DCircleShape.h */; settings = {ATTRIBUTES = (Public, ); }; };
		E560F702173E0C2400F3C277 /* B2DEdgeShape.h in Headers */ = {isa = PBXBuildFile; fileRef = E57A128B173DFFEF002055C2 /* B2DEdgeShape.h */; settings = {ATTRIBUTES = (Public, ); }; };
		E560F703173E0C2700F3C277 /* B2DPolygonShape.h in Headers */ = {isa = PBXBuildFile; fileRef = E57A128D173DFFEF002055C2 /* B2DPolygonShape.h */; settings = {ATTRIBUTES = (Public, ); }; };
		E560F704173E0C2A00F3C277 /* B2DShape.h in Headers */ = {isa = PBXBuildFile; fileRef = E57A128F173DFFEF002055C2 /* B2DShape.h */; settings = {ATTRIBUTES = (Public, ); }; };
		E560F705173E0C2D00F3C277 /* B2DBody.h in Headers */ = {isa = PBXBuildFile; fileRef = E57A1292173DFFEF002055C2 /* B2DBody.h */; settings = {ATTRIBUTES = (Public, ); }; };
		E560F706173E0C2F00F3C277 /* B2DWorld.h in Headers */ = {isa = PBXBuildFile; fileRef = E57A1294173DFFEF002055C2 /* B2DWorld.h */; settings = {ATTRIBUTES = (Public, ); }; };
		E560F708173E0C3800F3C277 /* B2DContactListener.h in Headers */ = {isa = PBXBuildFile; fileRef = E57A1284173DFFEF002055C2 /* B2DContactListener.h */; settings = {ATTRIBUTES = (Public, ); }; };
		E560F709173E0C3B00F3C277 /* B2DCircleShape.h in Headers */ = {isa = PBXBuildFile; fileRef = E57A1289173DFFEF002055C2 /* B2DCircleShape.h */; settings = {ATTRIBUTES = (Public, ); }; };
		E560F70A173E0C3D00F3C277 /* B2DEdgeShape.h in Headers */ = {isa = PBXBuildFile; fileRef = E57A128B173DFFEF002055C2 /* B2DEdgeShape.h */; settings = {ATTRIBUTES = (Public, ); }; };
		E560F70B173E0C3E00F3C277 /* B2DPolygonShape.h in Headers */ = {isa = PBXBuildFile; fileRef = E57A128D173DFFEF002055C2 /* B2DPolygonShape.h */; settings = {ATTRIBUTES = (Public, ); }; };
		E560F70C173E0C4300F3C277 /* B2DShape.h in Headers */ = {isa = PBXBuildFile; fileRef = E57A128F173DFFEF002055C2 /* B2DShape.h */; settings = {ATTRIBUTES = (Public, ); }; };
		E560F70D173E0C4500F3C277 /* B2DBody.h in Headers */ = {isa = PBXBuildFile; fileRef = E57A1292173DFFEF002055C2 /* B2DBody.h */; settings = {ATTRIBUTES = (Public, ); }; };
		E560F70E173E0C4600F3C277 /* B2DWorld.h in Headers */ = {isa = PBXBuildFile; fileRef = E57A1294173DFFEF002055C2 /* B2DWorld.h */; settings = {ATTRIBUTES = (Public, ); }; };
		E57A10E0173DEDF9002055C2 /* Cocoa.framework in Frameworks */ = {isa = PBXBuildFile; fileRef = E57A10DF173DEDF9002055C2 /* Cocoa.framework */; };
		E57A10F2173DEDFA002055C2 /* SenTestingKit.framework in Frameworks */ = {isa = PBXBuildFile; fileRef = E57A10F1173DEDFA002055C2 /* SenTestingKit.framework */; };
		E57A10F3173DEDFA002055C2 /* Cocoa.framework in Frameworks */ = {isa = PBXBuildFile; fileRef = E57A10DF173DEDF9002055C2 /* Cocoa.framework */; };
		E57A10F6173DEDFA002055C2 /* libBox2D.a in Frameworks */ = {isa = PBXBuildFile; fileRef = E57A10DC173DEDF9002055C2 /* libBox2D.a */; };
		E57A110E173DEEF0002055C2 /* Foundation.framework in Frameworks */ = {isa = PBXBuildFile; fileRef = E57A110D173DEEF0002055C2 /* Foundation.framework */; };
		E57A119B173DFD5E002055C2 /* Box2DConfig.cmake in Resources */ = {isa = PBXBuildFile; fileRef = E57A1137173DFD5E002055C2 /* Box2DConfig.cmake */; };
		E57A119D173DFD5E002055C2 /* CMakeLists.txt in Resources */ = {isa = PBXBuildFile; fileRef = E57A1138173DFD5E002055C2 /* CMakeLists.txt */; };
		E57A119F173DFD5E002055C2 /* b2BroadPhase.cpp in Sources */ = {isa = PBXBuildFile; fileRef = E57A113A173DFD5E002055C2 /* b2BroadPhase.cpp */; };
		E57A11A0173DFD5E002055C2 /* b2BroadPhase.cpp in Sources */ = {isa = PBXBuildFile; fileRef = E57A113A173DFD5E002055C2 /* b2BroadPhase.cpp */; };
		E57A11A1173DFD5E002055C2 /* b2BroadPhase.cpp in Sources */ = {isa = PBXBuildFile; fileRef = E57A113A173DFD5E002055C2 /* b2BroadPhase.cpp */; };
		E57A11A4173DFD5E002055C2 /* b2CollideCircle.cpp in Sources */ = {isa = PBXBuildFile; fileRef = E57A113C173DFD5E002055C2 /* b2CollideCircle.cpp */; };
		E57A11A5173DFD5E002055C2 /* b2CollideCircle.cpp in Sources */ = {isa = PBXBuildFile; fileRef = E57A113C173DFD5E002055C2 /* b2CollideCircle.cpp */; };
		E57A11A6173DFD5E002055C2 /* b2CollideCircle.cpp in Sources */ = {isa = PBXBuildFile; fileRef = E57A113C173DFD5E002055C2 /* b2CollideCircle.cpp */; };
		E57A11A8173DFD5E002055C2 /* b2CollideEdge.cpp in Sources */ = {isa = PBXBuildFile; fileRef = E57A113D173DFD5E002055C2 /* b2CollideEdge.cpp */; };
		E57A11A9173DFD5E002055C2 /* b2CollideEdge.cpp in Sources */ = {isa = PBXBuildFile; fileRef = E57A113D173DFD5E002055C2 /* b2CollideEdge.cpp */; };
		E57A11AA173DFD5E002055C2 /* b2CollideEdge.cpp in Sources */ = {isa = PBXBuildFile; fileRef = E57A113D173DFD5E002055C2 /* b2CollideEdge.cpp */; };
		E57A11AC173DFD5E002055C2 /* b2CollidePolygon.cpp in Sources */ = {isa = PBXBuildFile; fileRef = E57A113E173DFD5E002055C2 /* b2CollidePolygon.cpp */; };
		E57A11AD173DFD5E002055C2 /* b2CollidePolygon.cpp in Sources */ = {isa = PBXBuildFile; fileRef = E57A113E173DFD5E002055C2 /* b2CollidePolygon.cpp */; };
		E57A11AE173DFD5E002055C2 /* b2CollidePolygon.cpp in Sources */ = {isa = PBXBuildFile; fileRef = E57A113E173DFD5E002055C2 /* b2CollidePolygon.cpp */; };
		E57A11B0173DFD5E002055C2 /* b2Collision.cpp in Sources */ = {isa = PBXBuildFile; fileRef = E57A113F173DFD5E002055C2 /* b2Collision.cpp */; };
		E57A11B1173DFD5E002055C2 /* b2Collision.cpp in Sources */ = {isa = PBXBuildFile; fileRef = E57A113F173DFD5E002055C2 /* b2Collision.cpp */; };
		E57A11B2173DFD5E002055C2 /* b2Collision.cpp in Sources */ = {isa = PBXBuildFile; fileRef = E57A113F173DFD5E002055C2 /* b2Collision.cpp */; };
		E57A11B5173DFD5E002055C2 /* b2Distance.cpp in Sources */ = {isa = PBXBuildFile; fileRef = E57A1141173DFD5E002055C2 /* b2Distance.cpp */; };
		E57A11B6173DFD5E002055C2 /* b2Distance.cpp in Sources */ = {isa = PBXBuildFile; fileRef = E57A1141173DFD5E002055C2 /* b2Distance.cpp */; };
		E57A11B7173DFD5E002055C2 /* b2Distance.cpp in Sources */ = {isa = PBXBuildFile; fileRef = E57A1141173DFD5E002055C2 /* b2Distance.cpp */; };
		E57A11BA173DFD5E002055C2 /* b2DynamicTree.cpp in Sources */ = {isa = PBXBuildFile; fileRef = E57A1143173DFD5E002055C2 /* b2DynamicTree.cpp */; };
		E57A11BB173DFD5E002055C2 /* b2DynamicTree.cpp in Sources */ = {isa = PBXBuildFile; fileRef = E57A1143173DFD5E002055C2 /* b2DynamicTree.cpp */; };
		E57A11BC173DFD5E002055C2 /* b2DynamicTree.cpp in Sources */ = {isa = PBXBuildFile; fileRef = E57A1143173DFD5E002055C2 /* b2DynamicTree.cpp */; };
		E57A11BF173DFD5E002055C2 /* b2TimeOfImpact.cpp in Sources */ = {isa = PBXBuildFile; fileRef = E57A1145173DFD5E002055C2 /* b2TimeOfImpact.cpp */; };
		E57A11C0173DFD5E002055C2 /* b2TimeOfImpact.cpp in Sources */ = {isa = PBXBuildFile; fileRef = E57A1145173DFD5E002055C2 /* b2TimeOfImpact.cpp */; };
		E57A11C1173DFD5E002055C2 /* b2TimeOfImpact.cpp in Sources */ = {isa = PBXBuildFile; fileRef = E57A1145173DFD5E002055C2 /* b2TimeOfImpact.cpp */; };
		E57A11C4173DFD5E002055C2 /* b2ChainShape.cpp in Sources */ = {isa = PBXBuildFile; fileRef = E57A1148173DFD5E002055C2 /* b2ChainShape.cpp */; };
		E57A11C5173DFD5E002055C2 /* b2ChainShape.cpp in Sources */ = {isa = PBXBuildFile; fileRef = E57A1148173DFD5E002055C2 /* b2ChainShape.cpp */; };
		E57A11C6173DFD5E002055C2 /* b2ChainShape.cpp in Sources */ = {isa = PBXBuildFile; fileRef = E57A1148173DFD5E002055C2 /* b2ChainShape.cpp */; };
		E57A11C9173DFD5E002055C2 /* b2CircleShape.cpp in Sources */ = {isa = PBXBuildFile; fileRef = E57A114A173DFD5E002055C2 /* b2CircleShape.cpp */; };
		E57A11CA173DFD5E002055C2 /* b2CircleShape.cpp in Sources */ = {isa = PBXBuildFile; fileRef = E57A114A173DFD5E002055C2 /* b2CircleShape.cpp */; };
		E57A11CB173DFD5E002055C2 /* b2CircleShape.cpp in Sources */ = {isa = PBXBuildFile; fileRef = E57A114A173DFD5E002055C2 /* b2CircleShape.cpp */; };
		E57A11CE173DFD5E002055C2 /* b2EdgeShape.cpp in Sources */ = {isa = PBXBuildFile; fileRef = E57A114C173DFD5E002055C2 /* b2EdgeShape.cpp */; };
		E57A11CF173DFD5E002055C2 /* b2EdgeShape.cpp in Sources */ = {isa = PBXBuildFile; fileRef = E57A114C173DFD5E002055C2 /* b2EdgeShape.cpp */; };
		E57A11D0173DFD5E002055C2 /* b2EdgeShape.cpp in Sources */ = {isa = PBXBuildFile; fileRef = E57A114C173DFD5E002055C2 /* b2EdgeShape.cpp */; };
		E57A11D3173DFD5E002055C2 /* b2PolygonShape.cpp in Sources */ = {isa = PBXBuildFile; fileRef = E57A114E173DFD5E002055C2 /* b2PolygonShape.cpp */; };
		E57A11D4173DFD5E002055C2 /* b2PolygonShape.cpp in Sources */ = {isa = PBXBuildFile; fileRef = E57A114E173DFD5E002055C2 /* b2PolygonShape.cpp */; };
		E57A11D5173DFD5E002055C2 /* b2PolygonShape.cpp in Sources */ = {isa = PBXBuildFile; fileRef = E57A114E173DFD5E002055C2 /* b2PolygonShape.cpp */; };
		E57A11D9173DFD5E002055C2 /* b2BlockAllocator.cpp in Sources */ = {isa = PBXBuildFile; fileRef = E57A1152173DFD5E002055C2 /* b2BlockAllocator.cpp */; };
		E57A11DA173DFD5E002055C2 /* b2BlockAllocator.cpp in Sources */ = {isa = PBXBuildFile; fileRef = E57A1152173DFD5E002055C2 /* b2BlockAllocator.cpp */; };
		E57A11DB173DFD5E002055C2 /* b2BlockAllocator.cpp in Sources */ = {isa = PBXBuildFile; fileRef = E57A1152173DFD5E002055C2 /* b2BlockAllocator.cpp */; };
		E57A11DE173DFD5E002055C2 /* b2Draw.cpp in Sources */ = {isa = PBXBuildFile; fileRef = E57A1154173DFD5E002055C2 /* b2Draw.cpp */; };
		E57A11DF173DFD5E002055C2 /* b2Draw.cpp in Sources */ = {isa = PBXBuildFile; fileRef = E57A1154173DFD5E002055C2 /* b2Draw.cpp */; };
		E57A11E0173DFD5E002055C2 /* b2Draw.cpp in Sources */ = {isa = PBXBuildFile; fileRef = E57A1154173DFD5E002055C2 /* b2Draw.cpp */; };
		E57A11E4173DFD5E002055C2 /* b2Math.cpp in Sources */ = {isa = PBXBuildFile; fileRef = E57A1157173DFD5E002055C2 /* b2Math.cpp */; };
		E57A11E5173DFD5E002055C2 /* b2Math.cpp in Sources */ = {isa = PBXBuildFile; fileRef = E57A1157173DFD5E002055C2 /* b2Math.cpp */; };
		E57A11E6173DFD5E002055C2 /* b2Math.cpp in Sources */ = {isa = PBXBuildFile; fileRef = E57A1157173DFD5E002055C2 /* b2Math.cpp */; };
		E57A11E9173DFD5E002055C2 /* b2Settings.cpp in Sources */ = {isa = PBXBuildFile; fileRef = E57A1159173DFD5E002055C2 /* b2Settings.cpp */; };
		E57A11EA173DFD5E002055C2 /* b2Settings.cpp in Sources */ = {isa = PBXBuildFile; fileRef = E57A1159173DFD5E002055C2 /* b2Settings.cpp */; };
		E57A11EB173DFD5E002055C2 /* b2Settings.cpp in Sources */ = {isa = PBXBuildFile; fileRef = E57A1159173DFD5E002055C2 /* b2Settings.cpp */; };
		E57A11EE173DFD5E002055C2 /* b2StackAllocator.cpp in Sources */ = {isa = PBXBuildFile; fileRef = E57A115B173DFD5E002055C2 /* b2StackAllocator.cpp */; };
		E57A11EF173DFD5E002055C2 /* b2StackAllocator.cpp in Sources */ = {isa = PBXBuildFile; fileRef = E57A115B173DFD5E002055C2 /* b2StackAllocator.cpp */; };
		E57A11F0173DFD5E002055C2 /* b2StackAllocator.cpp in Sources */ = {isa = PBXBuildFile; fileRef = E57A115B173DFD5E002055C2 /* b2StackAllocator.cpp */; };
		E57A11F3173DFD5E002055C2 /* b2Timer.cpp in Sources */ = {isa = PBXBuildFile; fileRef = E57A115D173DFD5E002055C2 /* b2Timer.cpp */; };
		E57A11F4173DFD5E002055C2 /* b2Timer.cpp in Sources */ = {isa = PBXBuildFile; fileRef = E57A115D173DFD5E002055C2 /* b2Timer.cpp */; };
		E57A11F5173DFD5E002055C2 /* b2Timer.cpp in Sources */ = {isa = PBXBuildFile; fileRef = E57A115D173DFD5E002055C2 /* b2Timer.cpp */; };
		E57A11F8173DFD5E002055C2 /* b2Body.cpp in Sources */ = {isa = PBXBuildFile; fileRef = E57A1160173DFD5E002055C2 /* b2Body.cpp */; };
		E57A11F9173DFD5E002055C2 /* b2Body.cpp in Sources */ = {isa = PBXBuildFile; fileRef = E57A1160173DFD5E002055C2 /* b2Body.cpp */; };
		E57A11FA173DFD5E002055C2 /* b2Body.cpp in Sources */ = {isa = PBXBuildFile; fileRef = E57A1160173DFD5E002055C2 /* b2Body.cpp */; };
		E57A11FD173DFD5E002055C2 /* b2ContactManager.cpp in Sources */ = {isa = PBXBuildFile; fileRef = E57A1162173DFD5E002055C2 /* b2ContactManager.cpp */; };
		E57A11FE173DFD5E002055C2 /* b2ContactManager.cpp in Sources */ = {isa = PBXBuildFile; fileRef = E57A1162173DFD5E002055C2 /* b2ContactManager.cpp */; };
		E57A11FF173DFD5E002055C2 /* b2ContactManager.cpp in Sources */ = {isa = PBXBuildFile; fileRef = E57A1162173DFD5E002055C2 /* b2ContactManager.cpp */; };
		E57A1202173DFD5E002055C2 /* b2Fixture.cpp in Sources */ = {isa = PBXBuildFile; fileRef = E57A1164173DFD5E002055C2 /* b2Fixture.cpp */; };
		E57A1203173DFD5E002055C2 /* b2Fixture.cpp in Sources */ = {isa = PBXBuildFile; fileRef = E57A1164173DFD5E002055C2 /* b2Fixture.cpp */; };
		E57A1204173DFD5E002055C2 /* b2Fixture.cpp in Sources */ = {isa = PBXBuildFile; fileRef = E57A1164173DFD5E002055C2 /* b2Fixture.cpp */; };
		E57A1207173DFD5E002055C2 /* b2Island.cpp in Sources */ = {isa = PBXBuildFile; fileRef = E57A1166173DFD5E002055C2 /* b2Island.cpp */; };
		E57A1208173DFD5E002055C2 /* b2Island.cpp in Sources */ = {isa = PBXBuildFile; fileRef = E57A1166173DFD5E002055C2 /* b2Island.cpp */; };
		E57A1209173DFD5E002055C2 /* b2Island.cpp in Sources */ = {isa = PBXBuildFile; fileRef = E57A1166173DFD5E002055C2 /* b2Island.cpp */; };
		E57A120D173DFD5E002055C2 /* b2World.cpp in Sources */ = {isa = PBXBuildFile; fileRef = E57A1169173DFD5E002055C2 /* b2World.cpp */; };
		E57A120E173DFD5E002055C2 /* b2World.cpp in Sources */ = {isa = PBXBuildFile; fileRef = E57A1169173DFD5E002055C2 /* b2World.cpp */; };
		E57A120F173DFD5E002055C2 /* b2World.cpp in Sources */ = {isa = PBXBuildFile; fileRef = E57A1169173DFD5E002055C2 /* b2World.cpp */; };
		E57A1212173DFD5E002055C2 /* b2WorldCallbacks.cpp in Sources */ = {isa = PBXBuildFile; fileRef = E57A116B173DFD5E002055C2 /* b2WorldCallbacks.cpp */; };
		E57A1213173DFD5E002055C2 /* b2WorldCallbacks.cpp in Sources */ = {isa = PBXBuildFile; fileRef = E57A116B173DFD5E002055C2 /* b2WorldCallbacks.cpp */; };
		E57A1214173DFD5E002055C2 /* b2WorldCallbacks.cpp in Sources */ = {isa = PBXBuildFile; fileRef = E57A116B173DFD5E002055C2 /* b2WorldCallbacks.cpp */; };
		E57A1217173DFD5E002055C2 /* b2ChainAndCircleContact.cpp in Sources */ = {isa = PBXBuildFile; fileRef = E57A116E173DFD5E002055C2 /* b2ChainAndCircleContact.cpp */; };
		E57A1218173DFD5E002055C2 /* b2ChainAndCircleContact.cpp in Sources */ = {isa = PBXBuildFile; fileRef = E57A116E173DFD5E002055C2 /* b2ChainAndCircleContact.cpp */; };
		E57A1219173DFD5E002055C2 /* b2ChainAndCircleContact.cpp in Sources */ = {isa = PBXBuildFile; fileRef = E57A116E173DFD5E002055C2 /* b2ChainAndCircleContact.cpp */; };
		E57A121C173DFD5E002055C2 /* b2ChainAndPolygonContact.cpp in Sources */ = {isa = PBXBuildFile; fileRef = E57A1170173DFD5E002055C2 /* b2ChainAndPolygonContact.cpp */; };
		E57A121D173DFD5E002055C2 /* b2ChainAndPolygonContact.cpp in Sources */ = {isa = PBXBuildFile; fileRef = E57A1170173DFD5E002055C2 /* b2ChainAndPolygonContact.cpp */; };
		E57A121E173DFD5E002055C2 /* b2ChainAndPolygonContact.cpp in Sources */ = {isa = PBXBuildFile; fileRef = E57A1170173DFD5E002055C2 /* b2ChainAndPolygonContact.cpp */; };
		E57A1221173DFD5E002055C2 /* b2CircleContact.cpp in Sources */ = {isa = PBXBuildFile; fileRef = E57A1172173DFD5E002055C2 /* b2CircleContact.cpp */; };
		E57A1222173DFD5E002055C2 /* b2CircleContact.cpp in Sources */ = {isa = PBXBuildFile; fileRef = E57A1172173DFD5E002055C2 /* b2CircleContact.cpp */; };
		E57A1223173DFD5E002055C2 /* b2CircleContact.cpp in Sources */ = {isa = PBXBuildFile; fileRef = E57A1172173DFD5E002055C2 /* b2CircleContact.cpp */; };
		E57A1226173DFD5E002055C2 /* b2Contact.cpp in Sources */ = {isa = PBXBuildFile; fileRef = E57A1174173DFD5E002055C2 /* b2Contact.cpp */; };
		E57A1227173DFD5E002055C2 /* b2Contact.cpp in Sources */ = {isa = PBXBuildFile; fileRef = E57A1174173DFD5E002055C2 /* b2Contact.cpp */; };
		E57A1228173DFD5E002055C2 /* b2Contact.cpp in Sources */ = {isa = PBXBuildFile; fileRef = E57A1174173DFD5E002055C2 /* b2Contact.cpp */; };
		E57A122B173DFD5E002055C2 /* b2ContactSolver.cpp in Sources */ = {isa = PBXBuildFile; fileRef = E57A1176173DFD5E002055C2 /* b2ContactSolver.cpp */; };
		E57A122C173DFD5E002055C2 /* b2ContactSolver.cpp in Sources */ = {isa = PBXBuildFile; fileRef = E57A1176173DFD5E002055C2 /* b2ContactSolver.cpp */; };
		E57A122D173DFD5E002055C2 /* b2ContactSolver.cpp in Sources */ = {isa = PBXBuildFile; fileRef = E57A1176173DFD5E002055C2 /* b2ContactSolver.cpp */; };
		E57A1230173DFD5E002055C2 /* b2EdgeAndCircleContact.cpp in Sources */ = {isa = PBXBuildFile; fileRef = E57A1178173DFD5E002055C2 /* b2EdgeAndCircleContact.cpp */; };
		E57A1231173DFD5E002055C2 /* b2EdgeAndCircleContact.cpp in Sources */ = {isa = PBXBuildFile; fileRef = E57A1178173DFD5E002055C2 /* b2EdgeAndCircleContact.cpp */; };
		E57A1232173DFD5E002055C2 /* b2EdgeAndCircleContact.cpp in Sources */ = {isa = PBXBuildFile; fileRef = E57A1178173DFD5E002055C2 /* b2EdgeAndCircleContact.cpp */; };
		E57A1235173DFD5E002055C2 /* b2EdgeAndPolygonContact.cpp in Sources */ = {isa = PBXBuildFile; fileRef = E57A117A173DFD5E002055C2 /* b2EdgeAndPolygonContact.cpp */; };
		E57A1236173DFD5E002055C2 /* b2EdgeAndPolygonContact.cpp in Sources */ = {isa = PBXBuildFile; fileRef = E57A117A173DFD5E002055C2 /* b2EdgeAndPolygonContact.cpp */; };
		E57A1237173DFD5E002055C2 /* b2EdgeAndPolygonContact.cpp in Sources */ = {isa = PBXBuildFile; fileRef = E57A117A173DFD5E002055C2 /* b2EdgeAndPolygonContact.cpp */; };
		E57A123A173DFD5E002055C2 /* b2PolygonAndCircleContact.cpp in Sources */ = {isa = PBXBuildFile; fileRef = E57A117C173DFD5E002055C2 /* b2PolygonAndCircleContact.cpp */; };
		E57A123B173DFD5E002055C2 /* b2PolygonAndCircleContact.cpp in Sources */ = {isa = PBXBuildFile; fileRef = E57A117C173DFD5E002055C2 /* b2PolygonAndCircleContact.cpp */; };
		E57A123C173DFD5E002055C2 /* b2PolygonAndCircleContact.cpp in Sources */ = {isa = PBXBuildFile; fileRef = E57A117C173DFD5E002055C2 /* b2PolygonAndCircleContact.cpp */; };
		E57A123F173DFD5E002055C2 /* b2PolygonContact.cpp in Sources */ = {isa = PBXBuildFile; fileRef = E57A117E173DFD5E002055C2 /* b2PolygonContact.cpp */; };
		E57A1240173DFD5E002055C2 /* b2PolygonContact.cpp in Sources */ = {isa = PBXBuildFile; fileRef = E57A117E173DFD5E002055C2 /* b2PolygonContact.cpp */; };
		E57A1241173DFD5E002055C2 /* b2PolygonContact.cpp in Sources */ = {isa = PBXBuildFile; fileRef = E57A117E173DFD5E002055C2 /* b2PolygonContact.cpp */; };
		E57A1244173DFD5E002055C2 /* b2DistanceJoint.cpp in Sources */ = {isa = PBXBuildFile; fileRef = E57A1181173DFD5E002055C2 /* b2DistanceJoint.cpp */; };
		E57A1245173DFD5E002055C2 /* b2DistanceJoint.cpp in Sources */ = {isa = PBXBuildFile; fileRef = E57A1181173DFD5E002055C2 /* b2DistanceJoint.cpp */; };
		E57A1246173DFD5E002055C2 /* b2DistanceJoint.cpp in Sources */ = {isa = PBXBuildFile; fileRef = E57A1181173DFD5E002055C2 /* b2DistanceJoint.cpp */; };
		E57A1249173DFD5E002055C2 /* b2FrictionJoint.cpp in Sources */ = {isa = PBXBuildFile; fileRef = E57A1183173DFD5E002055C2 /* b2FrictionJoint.cpp */; };
		E57A124A173DFD5E002055C2 /* b2FrictionJoint.cpp in Sources */ = {isa = PBXBuildFile; fileRef = E57A1183173DFD5E002055C2 /* b2FrictionJoint.cpp */; };
		E57A124B173DFD5E002055C2 /* b2FrictionJoint.cpp in Sources */ = {isa = PBXBuildFile; fileRef = E57A1183173DFD5E002055C2 /* b2FrictionJoint.cpp */; };
		E57A124E173DFD5E002055C2 /* b2GearJoint.cpp in Sources */ = {isa = PBXBuildFile; fileRef = E57A1185173DFD5E002055C2 /* b2GearJoint.cpp */; };
		E57A124F173DFD5E002055C2 /* b2GearJoint.cpp in Sources */ = {isa = PBXBuildFile; fileRef = E57A1185173DFD5E002055C2 /* b2GearJoint.cpp */; };
		E57A1250173DFD5E002055C2 /* b2GearJoint.cpp in Sources */ = {isa = PBXBuildFile; fileRef = E57A1185173DFD5E002055C2 /* b2GearJoint.cpp */; };
		E57A1253173DFD5E002055C2 /* b2Joint.cpp in Sources */ = {isa = PBXBuildFile; fileRef = E57A1187173DFD5E002055C2 /* b2Joint.cpp */; };
		E57A1254173DFD5E002055C2 /* b2Joint.cpp in Sources */ = {isa = PBXBuildFile; fileRef = E57A1187173DFD5E002055C2 /* b2Joint.cpp */; };
		E57A1255173DFD5E002055C2 /* b2Joint.cpp in Sources */ = {isa = PBXBuildFile; fileRef = E57A1187173DFD5E002055C2 /* b2Joint.cpp */; };
		E57A1258173DFD5E002055C2 /* b2MouseJoint.cpp in Sources */ = {isa = PBXBuildFile; fileRef = E57A1189173DFD5E002055C2 /* b2MouseJoint.cpp */; };
		E57A1259173DFD5E002055C2 /* b2MouseJoint.cpp in Sources */ = {isa = PBXBuildFile; fileRef = E57A1189173DFD5E002055C2 /* b2MouseJoint.cpp */; };
		E57A125A173DFD5E002055C2 /* b2MouseJoint.cpp in Sources */ = {isa = PBXBuildFile; fileRef = E57A1189173DFD5E002055C2 /* b2MouseJoint.cpp */; };
		E57A125D173DFD5E002055C2 /* b2PrismaticJoint.cpp in Sources */ = {isa = PBXBuildFile; fileRef = E57A118B173DFD5E002055C2 /* b2PrismaticJoint.cpp */; };
		E57A125E173DFD5E002055C2 /* b2PrismaticJoint.cpp in Sources */ = {isa = PBXBuildFile; fileRef = E57A118B173DFD5E002055C2 /* b2PrismaticJoint.cpp */; };
		E57A125F173DFD5E002055C2 /* b2PrismaticJoint.cpp in Sources */ = {isa = PBXBuildFile; fileRef = E57A118B173DFD5E002055C2 /* b2PrismaticJoint.cpp */; };
		E57A1262173DFD5E002055C2 /* b2PulleyJoint.cpp in Sources */ = {isa = PBXBuildFile; fileRef = E57A118D173DFD5E002055C2 /* b2PulleyJoint.cpp */; };
		E57A1263173DFD5E002055C2 /* b2PulleyJoint.cpp in Sources */ = {isa = PBXBuildFile; fileRef = E57A118D173DFD5E002055C2 /* b2PulleyJoint.cpp */; };
		E57A1264173DFD5E002055C2 /* b2PulleyJoint.cpp in Sources */ = {isa = PBXBuildFile; fileRef = E57A118D173DFD5E002055C2 /* b2PulleyJoint.cpp */; };
		E57A1267173DFD5E002055C2 /* b2RevoluteJoint.cpp in Sources */ = {isa = PBXBuildFile; fileRef = E57A118F173DFD5E002055C2 /* b2RevoluteJoint.cpp */; };
		E57A1268173DFD5E002055C2 /* b2RevoluteJoint.cpp in Sources */ = {isa = PBXBuildFile; fileRef = E57A118F173DFD5E002055C2 /* b2RevoluteJoint.cpp */; };
		E57A1269173DFD5E002055C2 /* b2RevoluteJoint.cpp in Sources */ = {isa = PBXBuildFile; fileRef = E57A118F173DFD5E002055C2 /* b2RevoluteJoint.cpp */; };
		E57A126C173DFD5E002055C2 /* b2RopeJoint.cpp in Sources */ = {isa = PBXBuildFile; fileRef = E57A1191173DFD5E002055C2 /* b2RopeJoint.cpp */; };
		E57A126D173DFD5E002055C2 /* b2RopeJoint.cpp in Sources */ = {isa = PBXBuildFile; fileRef = E57A1191173DFD5E002055C2 /* b2RopeJoint.cpp */; };
		E57A126E173DFD5E002055C2 /* b2RopeJoint.cpp in Sources */ = {isa = PBXBuildFile; fileRef = E57A1191173DFD5E002055C2 /* b2RopeJoint.cpp */; };
		E57A1271173DFD5E002055C2 /* b2WeldJoint.cpp in Sources */ = {isa = PBXBuildFile; fileRef = E57A1193173DFD5E002055C2 /* b2WeldJoint.cpp */; };
		E57A1272173DFD5E002055C2 /* b2WeldJoint.cpp in Sources */ = {isa = PBXBuildFile; fileRef = E57A1193173DFD5E002055C2 /* b2WeldJoint.cpp */; };
		E57A1273173DFD5E002055C2 /* b2WeldJoint.cpp in Sources */ = {isa = PBXBuildFile; fileRef = E57A1193173DFD5E002055C2 /* b2WeldJoint.cpp */; };
		E57A1276173DFD5E002055C2 /* b2WheelJoint.cpp in Sources */ = {isa = PBXBuildFile; fileRef = E57A1195173DFD5E002055C2 /* b2WheelJoint.cpp */; };
		E57A1277173DFD5E002055C2 /* b2WheelJoint.cpp in Sources */ = {isa = PBXBuildFile; fileRef = E57A1195173DFD5E002055C2 /* b2WheelJoint.cpp */; };
		E57A1278173DFD5E002055C2 /* b2WheelJoint.cpp in Sources */ = {isa = PBXBuildFile; fileRef = E57A1195173DFD5E002055C2 /* b2WheelJoint.cpp */; };
		E57A127B173DFD5E002055C2 /* b2Rope.cpp in Sources */ = {isa = PBXBuildFile; fileRef = E57A1198173DFD5E002055C2 /* b2Rope.cpp */; };
		E57A127C173DFD5E002055C2 /* b2Rope.cpp in Sources */ = {isa = PBXBuildFile; fileRef = E57A1198173DFD5E002055C2 /* b2Rope.cpp */; };
		E57A127D173DFD5E002055C2 /* b2Rope.cpp in Sources */ = {isa = PBXBuildFile; fileRef = E57A1198173DFD5E002055C2 /* b2Rope.cpp */; };
		E57A1297173DFFEF002055C2 /* B2DContactListener.mm in Sources */ = {isa = PBXBuildFile; fileRef = E57A1285173DFFEF002055C2 /* B2DContactListener.mm */; };
		E57A1298173DFFEF002055C2 /* B2DContactListener.mm in Sources */ = {isa = PBXBuildFile; fileRef = E57A1285173DFFEF002055C2 /* B2DContactListener.mm */; };
		E57A1299173DFFEF002055C2 /* B2DContactListener.mm in Sources */ = {isa = PBXBuildFile; fileRef = E57A1285173DFFEF002055C2 /* B2DContactListener.mm */; };
		E57A129A173DFFEF002055C2 /* ContactListener.cpp in Sources */ = {isa = PBXBuildFile; fileRef = E57A1286173DFFEF002055C2 /* ContactListener.cpp */; };
		E57A129B173DFFEF002055C2 /* ContactListener.cpp in Sources */ = {isa = PBXBuildFile; fileRef = E57A1286173DFFEF002055C2 /* ContactListener.cpp */; };
		E57A129C173DFFEF002055C2 /* ContactListener.cpp in Sources */ = {isa = PBXBuildFile; fileRef = E57A1286173DFFEF002055C2 /* ContactListener.cpp */; };
		E57A129F173DFFEF002055C2 /* B2DCircleShape.mm in Sources */ = {isa = PBXBuildFile; fileRef = E57A128A173DFFEF002055C2 /* B2DCircleShape.mm */; };
		E57A12A0173DFFEF002055C2 /* B2DCircleShape.mm in Sources */ = {isa = PBXBuildFile; fileRef = E57A128A173DFFEF002055C2 /* B2DCircleShape.mm */; };
		E57A12A1173DFFEF002055C2 /* B2DCircleShape.mm in Sources */ = {isa = PBXBuildFile; fileRef = E57A128A173DFFEF002055C2 /* B2DCircleShape.mm */; };
		E57A12A3173DFFEF002055C2 /* B2DEdgeShape.mm in Sources */ = {isa = PBXBuildFile; fileRef = E57A128C173DFFEF002055C2 /* B2DEdgeShape.mm */; };
		E57A12A4173DFFEF002055C2 /* B2DEdgeShape.mm in Sources */ = {isa = PBXBuildFile; fileRef = E57A128C173DFFEF002055C2 /* B2DEdgeShape.mm */; };
		E57A12A5173DFFEF002055C2 /* B2DEdgeShape.mm in Sources */ = {isa = PBXBuildFile; fileRef = E57A128C173DFFEF002055C2 /* B2DEdgeShape.mm */; };
		E57A12A7173DFFEF002055C2 /* B2DPolygonShape.mm in Sources */ = {isa = PBXBuildFile; fileRef = E57A128E173DFFEF002055C2 /* B2DPolygonShape.mm */; };
		E57A12A8173DFFEF002055C2 /* B2DPolygonShape.mm in Sources */ = {isa = PBXBuildFile; fileRef = E57A128E173DFFEF002055C2 /* B2DPolygonShape.mm */; };
		E57A12A9173DFFEF002055C2 /* B2DPolygonShape.mm in Sources */ = {isa = PBXBuildFile; fileRef = E57A128E173DFFEF002055C2 /* B2DPolygonShape.mm */; };
		E57A12AB173DFFEF002055C2 /* B2DShape.mm in Sources */ = {isa = PBXBuildFile; fileRef = E57A1290173DFFEF002055C2 /* B2DShape.mm */; };
		E57A12AC173DFFEF002055C2 /* B2DShape.mm in Sources */ = {isa = PBXBuildFile; fileRef = E57A1290173DFFEF002055C2 /* B2DShape.mm */; };
		E57A12AD173DFFEF002055C2 /* B2DShape.mm in Sources */ = {isa = PBXBuildFile; fileRef = E57A1290173DFFEF002055C2 /* B2DShape.mm */; };
		E57A12AF173DFFEF002055C2 /* B2DBody.mm in Sources */ = {isa = PBXBuildFile; fileRef = E57A1293173DFFEF002055C2 /* B2DBody.mm */; };
		E57A12B0173DFFEF002055C2 /* B2DBody.mm in Sources */ = {isa = PBXBuildFile; fileRef = E57A1293173DFFEF002055C2 /* B2DBody.mm */; };
		E57A12B1173DFFEF002055C2 /* B2DBody.mm in Sources */ = {isa = PBXBuildFile; fileRef = E57A1293173DFFEF002055C2 /* B2DBody.mm */; };
		E57A12B3173DFFEF002055C2 /* B2DWorld.mm in Sources */ = {isa = PBXBuildFile; fileRef = E57A1295173DFFEF002055C2 /* B2DWorld.mm */; };
		E57A12B4173DFFEF002055C2 /* B2DWorld.mm in Sources */ = {isa = PBXBuildFile; fileRef = E57A1295173DFFEF002055C2 /* B2DWorld.mm */; };
		E57A12B5173DFFEF002055C2 /* B2DWorld.mm in Sources */ = {isa = PBXBuildFile; fileRef = E57A1295173DFFEF002055C2 /* B2DWorld.mm */; };
		E57A12B7173E0674002055C2 /* CoreGraphics.framework in Frameworks */ = {isa = PBXBuildFile; fileRef = E57A12B6173E0674002055C2 /* CoreGraphics.framework */; };
		E57A12B9173E068B002055C2 /* UIKit.framework in Frameworks */ = {isa = PBXBuildFile; fileRef = E57A12B8173E068B002055C2 /* UIKit.framework */; };
/* End PBXBuildFile section */

/* Begin PBXContainerItemProxy section */
		E57A10F4173DEDFA002055C2 /* PBXContainerItemProxy */ = {
			isa = PBXContainerItemProxy;
			containerPortal = E57A10D4173DEDF9002055C2 /* Project object */;
			proxyType = 1;
			remoteGlobalIDString = E57A10DB173DEDF9002055C2;
			remoteInfo = Box2D;
		};
/* End PBXContainerItemProxy section */

/* Begin PBXCopyFilesBuildPhase section */
		E57A110A173DEEF0002055C2 /* CopyFiles */ = {
			isa = PBXCopyFilesBuildPhase;
			buildActionMask = 2147483647;
			dstPath = "include/${PRODUCT_NAME}";
			dstSubfolderSpec = 16;
			files = (
			);
			runOnlyForDeploymentPostprocessing = 0;
		};
/* End PBXCopyFilesBuildPhase section */

/* Begin PBXFileReference section */
		E560F6AF173E0A7600F3C277 /* Box2DTests-Info.plist */ = {isa = PBXFileReference; fileEncoding = 4; lastKnownFileType = text.plist.xml; path = "Box2DTests-Info.plist"; sourceTree = "<group>"; };
		E560F6B0173E0A7600F3C277 /* InfoPlist.strings */ = {isa = PBXFileReference; fileEncoding = 4; lastKnownFileType = text.plist.strings; path = InfoPlist.strings; sourceTree = "<group>"; };
		E560F6B2173E0A7600F3C277 /* B2DWorldTest.h */ = {isa = PBXFileReference; fileEncoding = 4; lastKnownFileType = sourcecode.c.h; path = B2DWorldTest.h; sourceTree = "<group>"; };
		E560F6B3173E0A7600F3C277 /* B2DWorldTest.mm */ = {isa = PBXFileReference; fileEncoding = 4; lastKnownFileType = sourcecode.cpp.objcpp; path = B2DWorldTest.mm; sourceTree = "<group>"; };
		E57A10DC173DEDF9002055C2 /* libBox2D.a */ = {isa = PBXFileReference; explicitFileType = archive.ar; includeInIndex = 0; path = libBox2D.a; sourceTree = BUILT_PRODUCTS_DIR; };
		E57A10DF173DEDF9002055C2 /* Cocoa.framework */ = {isa = PBXFileReference; lastKnownFileType = wrapper.framework; name = Cocoa.framework; path = System/Library/Frameworks/Cocoa.framework; sourceTree = SDKROOT; };
		E57A10F0173DEDFA002055C2 /* Box2DTests.octest */ = {isa = PBXFileReference; explicitFileType = wrapper.cfbundle; includeInIndex = 0; path = Box2DTests.octest; sourceTree = BUILT_PRODUCTS_DIR; };
		E57A10F1173DEDFA002055C2 /* SenTestingKit.framework */ = {isa = PBXFileReference; lastKnownFileType = wrapper.framework; name = SenTestingKit.framework; path = Library/Frameworks/SenTestingKit.framework; sourceTree = DEVELOPER_DIR; };
		E57A110C173DEEF0002055C2 /* libBox2D.a */ = {isa = PBXFileReference; explicitFileType = archive.ar; includeInIndex = 0; path = libBox2D.a; sourceTree = BUILT_PRODUCTS_DIR; };
		E57A110D173DEEF0002055C2 /* Foundation.framework */ = {isa = PBXFileReference; lastKnownFileType = wrapper.framework; name = Foundation.framework; path = System/Library/Frameworks/Foundation.framework; sourceTree = SDKROOT; };
		E57A1136173DFD5E002055C2 /* Box2D.h */ = {isa = PBXFileReference; fileEncoding = 4; lastKnownFileType = sourcecode.c.h; path = Box2D.h; sourceTree = "<group>"; };
		E57A1137173DFD5E002055C2 /* Box2DConfig.cmake */ = {isa = PBXFileReference; fileEncoding = 4; lastKnownFileType = text; path = Box2DConfig.cmake; sourceTree = "<group>"; };
		E57A1138173DFD5E002055C2 /* CMakeLists.txt */ = {isa = PBXFileReference; fileEncoding = 4; lastKnownFileType = text; path = CMakeLists.txt; sourceTree = "<group>"; };
		E57A113A173DFD5E002055C2 /* b2BroadPhase.cpp */ = {isa = PBXFileReference; fileEncoding = 4; lastKnownFileType = sourcecode.cpp.cpp; path = b2BroadPhase.cpp; sourceTree = "<group>"; };
		E57A113B173DFD5E002055C2 /* b2BroadPhase.h */ = {isa = PBXFileReference; fileEncoding = 4; lastKnownFileType = sourcecode.c.h; path = b2BroadPhase.h; sourceTree = "<group>"; };
		E57A113C173DFD5E002055C2 /* b2CollideCircle.cpp */ = {isa = PBXFileReference; fileEncoding = 4; lastKnownFileType = sourcecode.cpp.cpp; path = b2CollideCircle.cpp; sourceTree = "<group>"; };
		E57A113D173DFD5E002055C2 /* b2CollideEdge.cpp */ = {isa = PBXFileReference; fileEncoding = 4; lastKnownFileType = sourcecode.cpp.cpp; path = b2CollideEdge.cpp; sourceTree = "<group>"; };
		E57A113E173DFD5E002055C2 /* b2CollidePolygon.cpp */ = {isa = PBXFileReference; fileEncoding = 4; lastKnownFileType = sourcecode.cpp.cpp; path = b2CollidePolygon.cpp; sourceTree = "<group>"; };
		E57A113F173DFD5E002055C2 /* b2Collision.cpp */ = {isa = PBXFileReference; fileEncoding = 4; lastKnownFileType = sourcecode.cpp.cpp; path = b2Collision.cpp; sourceTree = "<group>"; };
		E57A1140173DFD5E002055C2 /* b2Collision.h */ = {isa = PBXFileReference; fileEncoding = 4; lastKnownFileType = sourcecode.c.h; path = b2Collision.h; sourceTree = "<group>"; };
		E57A1141173DFD5E002055C2 /* b2Distance.cpp */ = {isa = PBXFileReference; fileEncoding = 4; lastKnownFileType = sourcecode.cpp.cpp; path = b2Distance.cpp; sourceTree = "<group>"; };
		E57A1142173DFD5E002055C2 /* b2Distance.h */ = {isa = PBXFileReference; fileEncoding = 4; lastKnownFileType = sourcecode.c.h; path = b2Distance.h; sourceTree = "<group>"; };
		E57A1143173DFD5E002055C2 /* b2DynamicTree.cpp */ = {isa = PBXFileReference; fileEncoding = 4; lastKnownFileType = sourcecode.cpp.cpp; path = b2DynamicTree.cpp; sourceTree = "<group>"; };
		E57A1144173DFD5E002055C2 /* b2DynamicTree.h */ = {isa = PBXFileReference; fileEncoding = 4; lastKnownFileType = sourcecode.c.h; path = b2DynamicTree.h; sourceTree = "<group>"; };
		E57A1145173DFD5E002055C2 /* b2TimeOfImpact.cpp */ = {isa = PBXFileReference; fileEncoding = 4; lastKnownFileType = sourcecode.cpp.cpp; path = b2TimeOfImpact.cpp; sourceTree = "<group>"; };
		E57A1146173DFD5E002055C2 /* b2TimeOfImpact.h */ = {isa = PBXFileReference; fileEncoding = 4; lastKnownFileType = sourcecode.c.h; path = b2TimeOfImpact.h; sourceTree = "<group>"; };
		E57A1148173DFD5E002055C2 /* b2ChainShape.cpp */ = {isa = PBXFileReference; fileEncoding = 4; lastKnownFileType = sourcecode.cpp.cpp; path = b2ChainShape.cpp; sourceTree = "<group>"; };
		E57A1149173DFD5E002055C2 /* b2ChainShape.h */ = {isa = PBXFileReference; fileEncoding = 4; lastKnownFileType = sourcecode.c.h; path = b2ChainShape.h; sourceTree = "<group>"; };
		E57A114A173DFD5E002055C2 /* b2CircleShape.cpp */ = {isa = PBXFileReference; fileEncoding = 4; lastKnownFileType = sourcecode.cpp.cpp; path = b2CircleShape.cpp; sourceTree = "<group>"; };
		E57A114B173DFD5E002055C2 /* b2CircleShape.h */ = {isa = PBXFileReference; fileEncoding = 4; lastKnownFileType = sourcecode.c.h; path = b2CircleShape.h; sourceTree = "<group>"; };
		E57A114C173DFD5E002055C2 /* b2EdgeShape.cpp */ = {isa = PBXFileReference; fileEncoding = 4; lastKnownFileType = sourcecode.cpp.cpp; path = b2EdgeShape.cpp; sourceTree = "<group>"; };
		E57A114D173DFD5E002055C2 /* b2EdgeShape.h */ = {isa = PBXFileReference; fileEncoding = 4; lastKnownFileType = sourcecode.c.h; path = b2EdgeShape.h; sourceTree = "<group>"; };
		E57A114E173DFD5E002055C2 /* b2PolygonShape.cpp */ = {isa = PBXFileReference; fileEncoding = 4; lastKnownFileType = sourcecode.cpp.cpp; path = b2PolygonShape.cpp; sourceTree = "<group>"; };
		E57A114F173DFD5E002055C2 /* b2PolygonShape.h */ = {isa = PBXFileReference; fileEncoding = 4; lastKnownFileType = sourcecode.c.h; path = b2PolygonShape.h; sourceTree = "<group>"; };
		E57A1150173DFD5E002055C2 /* b2Shape.h */ = {isa = PBXFileReference; fileEncoding = 4; lastKnownFileType = sourcecode.c.h; path = b2Shape.h; sourceTree = "<group>"; };
		E57A1152173DFD5E002055C2 /* b2BlockAllocator.cpp */ = {isa = PBXFileReference; fileEncoding = 4; lastKnownFileType = sourcecode.cpp.cpp; path = b2BlockAllocator.cpp; sourceTree = "<group>"; };
		E57A1153173DFD5E002055C2 /* b2BlockAllocator.h */ = {isa = PBXFileReference; fileEncoding = 4; lastKnownFileType = sourcecode.c.h; path = b2BlockAllocator.h; sourceTree = "<group>"; };
		E57A1154173DFD5E002055C2 /* b2Draw.cpp */ = {isa = PBXFileReference; fileEncoding = 4; lastKnownFileType = sourcecode.cpp.cpp; path = b2Draw.cpp; sourceTree = "<group>"; };
		E57A1155173DFD5E002055C2 /* b2Draw.h */ = {isa = PBXFileReference; fileEncoding = 4; lastKnownFileType = sourcecode.c.h; path = b2Draw.h; sourceTree = "<group>"; };
		E57A1156173DFD5E002055C2 /* b2GrowableStack.h */ = {isa = PBXFileReference; fileEncoding = 4; lastKnownFileType = sourcecode.c.h; path = b2GrowableStack.h; sourceTree = "<group>"; };
		E57A1157173DFD5E002055C2 /* b2Math.cpp */ = {isa = PBXFileReference; fileEncoding = 4; lastKnownFileType = sourcecode.cpp.cpp; path = b2Math.cpp; sourceTree = "<group>"; };
		E57A1158173DFD5E002055C2 /* b2Math.h */ = {isa = PBXFileReference; fileEncoding = 4; lastKnownFileType = sourcecode.c.h; path = b2Math.h; sourceTree = "<group>"; };
		E57A1159173DFD5E002055C2 /* b2Settings.cpp */ = {isa = PBXFileReference; fileEncoding = 4; lastKnownFileType = sourcecode.cpp.cpp; path = b2Settings.cpp; sourceTree = "<group>"; };
		E57A115A173DFD5E002055C2 /* b2Settings.h */ = {isa = PBXFileReference; fileEncoding = 4; lastKnownFileType = sourcecode.c.h; path = b2Settings.h; sourceTree = "<group>"; };
		E57A115B173DFD5E002055C2 /* b2StackAllocator.cpp */ = {isa = PBXFileReference; fileEncoding = 4; lastKnownFileType = sourcecode.cpp.cpp; path = b2StackAllocator.cpp; sourceTree = "<group>"; };
		E57A115C173DFD5E002055C2 /* b2StackAllocator.h */ = {isa = PBXFileReference; fileEncoding = 4; lastKnownFileType = sourcecode.c.h; path = b2StackAllocator.h; sourceTree = "<group>"; };
		E57A115D173DFD5E002055C2 /* b2Timer.cpp */ = {isa = PBXFileReference; fileEncoding = 4; lastKnownFileType = sourcecode.cpp.cpp; path = b2Timer.cpp; sourceTree = "<group>"; };
		E57A115E173DFD5E002055C2 /* b2Timer.h */ = {isa = PBXFileReference; fileEncoding = 4; lastKnownFileType = sourcecode.c.h; path = b2Timer.h; sourceTree = "<group>"; };
		E57A1160173DFD5E002055C2 /* b2Body.cpp */ = {isa = PBXFileReference; fileEncoding = 4; lastKnownFileType = sourcecode.cpp.cpp; path = b2Body.cpp; sourceTree = "<group>"; };
		E57A1161173DFD5E002055C2 /* b2Body.h */ = {isa = PBXFileReference; fileEncoding = 4; lastKnownFileType = sourcecode.c.h; path = b2Body.h; sourceTree = "<group>"; };
		E57A1162173DFD5E002055C2 /* b2ContactManager.cpp */ = {isa = PBXFileReference; fileEncoding = 4; lastKnownFileType = sourcecode.cpp.cpp; path = b2ContactManager.cpp; sourceTree = "<group>"; };
		E57A1163173DFD5E002055C2 /* b2ContactManager.h */ = {isa = PBXFileReference; fileEncoding = 4; lastKnownFileType = sourcecode.c.h; path = b2ContactManager.h; sourceTree = "<group>"; };
		E57A1164173DFD5E002055C2 /* b2Fixture.cpp */ = {isa = PBXFileReference; fileEncoding = 4; lastKnownFileType = sourcecode.cpp.cpp; path = b2Fixture.cpp; sourceTree = "<group>"; };
		E57A1165173DFD5E002055C2 /* b2Fixture.h */ = {isa = PBXFileReference; fileEncoding = 4; lastKnownFileType = sourcecode.c.h; path = b2Fixture.h; sourceTree = "<group>"; };
		E57A1166173DFD5E002055C2 /* b2Island.cpp */ = {isa = PBXFileReference; fileEncoding = 4; lastKnownFileType = sourcecode.cpp.cpp; path = b2Island.cpp; sourceTree = "<group>"; };
		E57A1167173DFD5E002055C2 /* b2Island.h */ = {isa = PBXFileReference; fileEncoding = 4; lastKnownFileType = sourcecode.c.h; path = b2Island.h; sourceTree = "<group>"; };
		E57A1168173DFD5E002055C2 /* b2TimeStep.h */ = {isa = PBXFileReference; fileEncoding = 4; lastKnownFileType = sourcecode.c.h; path = b2TimeStep.h; sourceTree = "<group>"; };
		E57A1169173DFD5E002055C2 /* b2World.cpp */ = {isa = PBXFileReference; fileEncoding = 4; lastKnownFileType = sourcecode.cpp.cpp; path = b2World.cpp; sourceTree = "<group>"; };
		E57A116A173DFD5E002055C2 /* b2World.h */ = {isa = PBXFileReference; fileEncoding = 4; lastKnownFileType = sourcecode.c.h; path = b2World.h; sourceTree = "<group>"; };
		E57A116B173DFD5E002055C2 /* b2WorldCallbacks.cpp */ = {isa = PBXFileReference; fileEncoding = 4; lastKnownFileType = sourcecode.cpp.cpp; path = b2WorldCallbacks.cpp; sourceTree = "<group>"; };
		E57A116C173DFD5E002055C2 /* b2WorldCallbacks.h */ = {isa = PBXFileReference; fileEncoding = 4; lastKnownFileType = sourcecode.c.h; path = b2WorldCallbacks.h; sourceTree = "<group>"; };
		E57A116E173DFD5E002055C2 /* b2ChainAndCircleContact.cpp */ = {isa = PBXFileReference; fileEncoding = 4; lastKnownFileType = sourcecode.cpp.cpp; path = b2ChainAndCircleContact.cpp; sourceTree = "<group>"; };
		E57A116F173DFD5E002055C2 /* b2ChainAndCircleContact.h */ = {isa = PBXFileReference; fileEncoding = 4; lastKnownFileType = sourcecode.c.h; path = b2ChainAndCircleContact.h; sourceTree = "<group>"; };
		E57A1170173DFD5E002055C2 /* b2ChainAndPolygonContact.cpp */ = {isa = PBXFileReference; fileEncoding = 4; lastKnownFileType = sourcecode.cpp.cpp; path = b2ChainAndPolygonContact.cpp; sourceTree = "<group>"; };
		E57A1171173DFD5E002055C2 /* b2ChainAndPolygonContact.h */ = {isa = PBXFileReference; fileEncoding = 4; lastKnownFileType = sourcecode.c.h; path = b2ChainAndPolygonContact.h; sourceTree = "<group>"; };
		E57A1172173DFD5E002055C2 /* b2CircleContact.cpp */ = {isa = PBXFileReference; fileEncoding = 4; lastKnownFileType = sourcecode.cpp.cpp; path = b2CircleContact.cpp; sourceTree = "<group>"; };
		E57A1173173DFD5E002055C2 /* b2CircleContact.h */ = {isa = PBXFileReference; fileEncoding = 4; lastKnownFileType = sourcecode.c.h; path = b2CircleContact.h; sourceTree = "<group>"; };
		E57A1174173DFD5E002055C2 /* b2Contact.cpp */ = {isa = PBXFileReference; fileEncoding = 4; lastKnownFileType = sourcecode.cpp.cpp; path = b2Contact.cpp; sourceTree = "<group>"; };
		E57A1175173DFD5E002055C2 /* b2Contact.h */ = {isa = PBXFileReference; fileEncoding = 4; lastKnownFileType = sourcecode.c.h; path = b2Contact.h; sourceTree = "<group>"; };
		E57A1176173DFD5E002055C2 /* b2ContactSolver.cpp */ = {isa = PBXFileReference; fileEncoding = 4; lastKnownFileType = sourcecode.cpp.cpp; path = b2ContactSolver.cpp; sourceTree = "<group>"; };
		E57A1177173DFD5E002055C2 /* b2ContactSolver.h */ = {isa = PBXFileReference; fileEncoding = 4; lastKnownFileType = sourcecode.c.h; path = b2ContactSolver.h; sourceTree = "<group>"; };
		E57A1178173DFD5E002055C2 /* b2EdgeAndCircleContact.cpp */ = {isa = PBXFileReference; fileEncoding = 4; lastKnownFileType = sourcecode.cpp.cpp; path = b2EdgeAndCircleContact.cpp; sourceTree = "<group>"; };
		E57A1179173DFD5E002055C2 /* b2EdgeAndCircleContact.h */ = {isa = PBXFileReference; fileEncoding = 4; lastKnownFileType = sourcecode.c.h; path = b2EdgeAndCircleContact.h; sourceTree = "<group>"; };
		E57A117A173DFD5E002055C2 /* b2EdgeAndPolygonContact.cpp */ = {isa = PBXFileReference; fileEncoding = 4; lastKnownFileType = sourcecode.cpp.cpp; path = b2EdgeAndPolygonContact.cpp; sourceTree = "<group>"; };
		E57A117B173DFD5E002055C2 /* b2EdgeAndPolygonContact.h */ = {isa = PBXFileReference; fileEncoding = 4; lastKnownFileType = sourcecode.c.h; path = b2EdgeAndPolygonContact.h; sourceTree = "<group>"; };
		E57A117C173DFD5E002055C2 /* b2PolygonAndCircleContact.cpp */ = {isa = PBXFileReference; fileEncoding = 4; lastKnownFileType = sourcecode.cpp.cpp; path = b2PolygonAndCircleContact.cpp; sourceTree = "<group>"; };
		E57A117D173DFD5E002055C2 /* b2PolygonAndCircleContact.h */ = {isa = PBXFileReference; fileEncoding = 4; lastKnownFileType = sourcecode.c.h; path = b2PolygonAndCircleContact.h; sourceTree = "<group>"; };
		E57A117E173DFD5E002055C2 /* b2PolygonContact.cpp */ = {isa = PBXFileReference; fileEncoding = 4; lastKnownFileType = sourcecode.cpp.cpp; path = b2PolygonContact.cpp; sourceTree = "<group>"; };
		E57A117F173DFD5E002055C2 /* b2PolygonContact.h */ = {isa = PBXFileReference; fileEncoding = 4; lastKnownFileType = sourcecode.c.h; path = b2PolygonContact.h; sourceTree = "<group>"; };
		E57A1181173DFD5E002055C2 /* b2DistanceJoint.cpp */ = {isa = PBXFileReference; fileEncoding = 4; lastKnownFileType = sourcecode.cpp.cpp; path = b2DistanceJoint.cpp; sourceTree = "<group>"; };
		E57A1182173DFD5E002055C2 /* b2DistanceJoint.h */ = {isa = PBXFileReference; fileEncoding = 4; lastKnownFileType = sourcecode.c.h; path = b2DistanceJoint.h; sourceTree = "<group>"; };
		E57A1183173DFD5E002055C2 /* b2FrictionJoint.cpp */ = {isa = PBXFileReference; fileEncoding = 4; lastKnownFileType = sourcecode.cpp.cpp; path = b2FrictionJoint.cpp; sourceTree = "<group>"; };
		E57A1184173DFD5E002055C2 /* b2FrictionJoint.h */ = {isa = PBXFileReference; fileEncoding = 4; lastKnownFileType = sourcecode.c.h; path = b2FrictionJoint.h; sourceTree = "<group>"; };
		E57A1185173DFD5E002055C2 /* b2GearJoint.cpp */ = {isa = PBXFileReference; fileEncoding = 4; lastKnownFileType = sourcecode.cpp.cpp; path = b2GearJoint.cpp; sourceTree = "<group>"; };
		E57A1186173DFD5E002055C2 /* b2GearJoint.h */ = {isa = PBXFileReference; fileEncoding = 4; lastKnownFileType = sourcecode.c.h; path = b2GearJoint.h; sourceTree = "<group>"; };
		E57A1187173DFD5E002055C2 /* b2Joint.cpp */ = {isa = PBXFileReference; fileEncoding = 4; lastKnownFileType = sourcecode.cpp.cpp; path = b2Joint.cpp; sourceTree = "<group>"; };
		E57A1188173DFD5E002055C2 /* b2Joint.h */ = {isa = PBXFileReference; fileEncoding = 4; lastKnownFileType = sourcecode.c.h; path = b2Joint.h; sourceTree = "<group>"; };
		E57A1189173DFD5E002055C2 /* b2MouseJoint.cpp */ = {isa = PBXFileReference; fileEncoding = 4; lastKnownFileType = sourcecode.cpp.cpp; path = b2MouseJoint.cpp; sourceTree = "<group>"; };
		E57A118A173DFD5E002055C2 /* b2MouseJoint.h */ = {isa = PBXFileReference; fileEncoding = 4; lastKnownFileType = sourcecode.c.h; path = b2MouseJoint.h; sourceTree = "<group>"; };
		E57A118B173DFD5E002055C2 /* b2PrismaticJoint.cpp */ = {isa = PBXFileReference; fileEncoding = 4; lastKnownFileType = sourcecode.cpp.cpp; path = b2PrismaticJoint.cpp; sourceTree = "<group>"; };
		E57A118C173DFD5E002055C2 /* b2PrismaticJoint.h */ = {isa = PBXFileReference; fileEncoding = 4; lastKnownFileType = sourcecode.c.h; path = b2PrismaticJoint.h; sourceTree = "<group>"; };
		E57A118D173DFD5E002055C2 /* b2PulleyJoint.cpp */ = {isa = PBXFileReference; fileEncoding = 4; lastKnownFileType = sourcecode.cpp.cpp; path = b2PulleyJoint.cpp; sourceTree = "<group>"; };
		E57A118E173DFD5E002055C2 /* b2PulleyJoint.h */ = {isa = PBXFileReference; fileEncoding = 4; lastKnownFileType = sourcecode.c.h; path = b2PulleyJoint.h; sourceTree = "<group>"; };
		E57A118F173DFD5E002055C2 /* b2RevoluteJoint.cpp */ = {isa = PBXFileReference; fileEncoding = 4; lastKnownFileType = sourcecode.cpp.cpp; path = b2RevoluteJoint.cpp; sourceTree = "<group>"; };
		E57A1190173DFD5E002055C2 /* b2RevoluteJoint.h */ = {isa = PBXFileReference; fileEncoding = 4; lastKnownFileType = sourcecode.c.h; path = b2RevoluteJoint.h; sourceTree = "<group>"; };
		E57A1191173DFD5E002055C2 /* b2RopeJoint.cpp */ = {isa = PBXFileReference; fileEncoding = 4; lastKnownFileType = sourcecode.cpp.cpp; path = b2RopeJoint.cpp; sourceTree = "<group>"; };
		E57A1192173DFD5E002055C2 /* b2RopeJoint.h */ = {isa = PBXFileReference; fileEncoding = 4; lastKnownFileType = sourcecode.c.h; path = b2RopeJoint.h; sourceTree = "<group>"; };
		E57A1193173DFD5E002055C2 /* b2WeldJoint.cpp */ = {isa = PBXFileReference; fileEncoding = 4; lastKnownFileType = sourcecode.cpp.cpp; path = b2WeldJoint.cpp; sourceTree = "<group>"; };
		E57A1194173DFD5E002055C2 /* b2WeldJoint.h */ = {isa = PBXFileReference; fileEncoding = 4; lastKnownFileType = sourcecode.c.h; path = b2WeldJoint.h; sourceTree = "<group>"; };
		E57A1195173DFD5E002055C2 /* b2WheelJoint.cpp */ = {isa = PBXFileReference; fileEncoding = 4; lastKnownFileType = sourcecode.cpp.cpp; path = b2WheelJoint.cpp; sourceTree = "<group>"; };
		E57A1196173DFD5E002055C2 /* b2WheelJoint.h */ = {isa = PBXFileReference; fileEncoding = 4; lastKnownFileType = sourcecode.c.h; path = b2WheelJoint.h; sourceTree = "<group>"; };
		E57A1198173DFD5E002055C2 /* b2Rope.cpp */ = {isa = PBXFileReference; fileEncoding = 4; lastKnownFileType = sourcecode.cpp.cpp; path = b2Rope.cpp; sourceTree = "<group>"; };
		E57A1199173DFD5E002055C2 /* b2Rope.h */ = {isa = PBXFileReference; fileEncoding = 4; lastKnownFileType = sourcecode.c.h; path = b2Rope.h; sourceTree = "<group>"; };
		E57A1281173DFF7F002055C2 /* Box2D-Prefix.pch */ = {isa = PBXFileReference; fileEncoding = 4; lastKnownFileType = sourcecode.c.h; path = "Box2D-Prefix.pch"; sourceTree = "<group>"; };
		E57A1284173DFFEF002055C2 /* B2DContactListener.h */ = {isa = PBXFileReference; fileEncoding = 4; lastKnownFileType = sourcecode.c.h; path = B2DContactListener.h; sourceTree = "<group>"; };
		E57A1285173DFFEF002055C2 /* B2DContactListener.mm */ = {isa = PBXFileReference; fileEncoding = 4; lastKnownFileType = sourcecode.cpp.objcpp; path = B2DContactListener.mm; sourceTree = "<group>"; };
		E57A1286173DFFEF002055C2 /* ContactListener.cpp */ = {isa = PBXFileReference; fileEncoding = 4; lastKnownFileType = sourcecode.cpp.cpp; path = ContactListener.cpp; sourceTree = "<group>"; };
		E57A1287173DFFEF002055C2 /* ContactListener.h */ = {isa = PBXFileReference; fileEncoding = 4; lastKnownFileType = sourcecode.c.h; path = ContactListener.h; sourceTree = "<group>"; };
		E57A1289173DFFEF002055C2 /* B2DCircleShape.h */ = {isa = PBXFileReference; fileEncoding = 4; lastKnownFileType = sourcecode.c.h; path = B2DCircleShape.h; sourceTree = "<group>"; };
		E57A128A173DFFEF002055C2 /* B2DCircleShape.mm */ = {isa = PBXFileReference; fileEncoding = 4; lastKnownFileType = sourcecode.cpp.objcpp; path = B2DCircleShape.mm; sourceTree = "<group>"; };
		E57A128B173DFFEF002055C2 /* B2DEdgeShape.h */ = {isa = PBXFileReference; fileEncoding = 4; lastKnownFileType = sourcecode.c.h; path = B2DEdgeShape.h; sourceTree = "<group>"; };
		E57A128C173DFFEF002055C2 /* B2DEdgeShape.mm */ = {isa = PBXFileReference; fileEncoding = 4; lastKnownFileType = sourcecode.cpp.objcpp; path = B2DEdgeShape.mm; sourceTree = "<group>"; };
		E57A128D173DFFEF002055C2 /* B2DPolygonShape.h */ = {isa = PBXFileReference; fileEncoding = 4; lastKnownFileType = sourcecode.c.h; path = B2DPolygonShape.h; sourceTree = "<group>"; };
		E57A128E173DFFEF002055C2 /* B2DPolygonShape.mm */ = {isa = PBXFileReference; fileEncoding = 4; lastKnownFileType = sourcecode.cpp.objcpp; path = B2DPolygonShape.mm; sourceTree = "<group>"; };
		E57A128F173DFFEF002055C2 /* B2DShape.h */ = {isa = PBXFileReference; fileEncoding = 4; lastKnownFileType = sourcecode.c.h; path = B2DShape.h; sourceTree = "<group>"; };
		E57A1290173DFFEF002055C2 /* B2DShape.mm */ = {isa = PBXFileReference; fileEncoding = 4; lastKnownFileType = sourcecode.cpp.objcpp; path = B2DShape.mm; sourceTree = "<group>"; };
		E57A1292173DFFEF002055C2 /* B2DBody.h */ = {isa = PBXFileReference; fileEncoding = 4; lastKnownFileType = sourcecode.c.h; path = B2DBody.h; sourceTree = "<group>"; };
		E57A1293173DFFEF002055C2 /* B2DBody.mm */ = {isa = PBXFileReference; fileEncoding = 4; lastKnownFileType = sourcecode.cpp.objcpp; path = B2DBody.mm; sourceTree = "<group>"; };
		E57A1294173DFFEF002055C2 /* B2DWorld.h */ = {isa = PBXFileReference; fileEncoding = 4; lastKnownFileType = sourcecode.c.h; path = B2DWorld.h; sourceTree = "<group>"; };
		E57A1295173DFFEF002055C2 /* B2DWorld.mm */ = {isa = PBXFileReference; fileEncoding = 4; lastKnownFileType = sourcecode.cpp.objcpp; path = B2DWorld.mm; sourceTree = "<group>"; };
		E57A12B6173E0674002055C2 /* CoreGraphics.framework */ = {isa = PBXFileReference; lastKnownFileType = wrapper.framework; name = CoreGraphics.framework; path = Platforms/iPhoneOS.platform/Developer/SDKs/iPhoneOS6.1.sdk/System/Library/Frameworks/CoreGraphics.framework; sourceTree = DEVELOPER_DIR; };
		E57A12B8173E068B002055C2 /* UIKit.framework */ = {isa = PBXFileReference; lastKnownFileType = wrapper.framework; name = UIKit.framework; path = Platforms/iPhoneOS.platform/Developer/SDKs/iPhoneOS6.1.sdk/System/Library/Frameworks/UIKit.framework; sourceTree = DEVELOPER_DIR; };
/* End PBXFileReference section */

/* Begin PBXFrameworksBuildPhase section */
		E57A10D9173DEDF9002055C2 /* Frameworks */ = {
			isa = PBXFrameworksBuildPhase;
			buildActionMask = 2147483647;
			files = (
				E57A10E0173DEDF9002055C2 /* Cocoa.framework in Frameworks */,
			);
			runOnlyForDeploymentPostprocessing = 0;
		};
		E57A10EC173DEDFA002055C2 /* Frameworks */ = {
			isa = PBXFrameworksBuildPhase;
			buildActionMask = 2147483647;
			files = (
				E57A10F2173DEDFA002055C2 /* SenTestingKit.framework in Frameworks */,
				E57A10F3173DEDFA002055C2 /* Cocoa.framework in Frameworks */,
				E57A10F6173DEDFA002055C2 /* libBox2D.a in Frameworks */,
			);
			runOnlyForDeploymentPostprocessing = 0;
		};
		E57A1109173DEEF0002055C2 /* Frameworks */ = {
			isa = PBXFrameworksBuildPhase;
			buildActionMask = 2147483647;
			files = (
				E57A12B9173E068B002055C2 /* UIKit.framework in Frameworks */,
				E57A12B7173E0674002055C2 /* CoreGraphics.framework in Frameworks */,
				E57A110E173DEEF0002055C2 /* Foundation.framework in Frameworks */,
			);
			runOnlyForDeploymentPostprocessing = 0;
		};
/* End PBXFrameworksBuildPhase section */

/* Begin PBXGroup section */
		E560F6AE173E0A7600F3C277 /* Configuration */ = {
			isa = PBXGroup;
			children = (
				E560F6AF173E0A7600F3C277 /* Box2DTests-Info.plist */,
				E560F6B0173E0A7600F3C277 /* InfoPlist.strings */,
			);
			path = Configuration;
			sourceTree = "<group>";
		};
		E560F6B1173E0A7600F3C277 /* Dynamics */ = {
			isa = PBXGroup;
			children = (
				E560F6B2173E0A7600F3C277 /* B2DWorldTest.h */,
				E560F6B3173E0A7600F3C277 /* B2DWorldTest.mm */,
			);
			path = Dynamics;
			sourceTree = "<group>";
		};
		E57A10D3173DEDF9002055C2 = {
			isa = PBXGroup;
			children = (
				E57A10E5173DEDF9002055C2 /* Box2D */,
				E57A10F7173DEDFA002055C2 /* Box2DTests */,
				E57A1134173DFD5E002055C2 /* Libraries */,
				E57A10DE173DEDF9002055C2 /* Frameworks */,
				E57A10DD173DEDF9002055C2 /* Products */,
			);
			sourceTree = "<group>";
		};
		E57A10DD173DEDF9002055C2 /* Products */ = {
			isa = PBXGroup;
			children = (
				E57A10DC173DEDF9002055C2 /* libBox2D.a */,
				E57A10F0173DEDFA002055C2 /* Box2DTests.octest */,
				E57A110C173DEEF0002055C2 /* libBox2D.a */,
			);
			name = Products;
			sourceTree = "<group>";
		};
		E57A10DE173DEDF9002055C2 /* Frameworks */ = {
			isa = PBXGroup;
			children = (
				E57A12B8173E068B002055C2 /* UIKit.framework */,
				E57A12B6173E0674002055C2 /* CoreGraphics.framework */,
				E57A10DF173DEDF9002055C2 /* Cocoa.framework */,
				E57A10F1173DEDFA002055C2 /* SenTestingKit.framework */,
				E57A110D173DEEF0002055C2 /* Foundation.framework */,
			);
			name = Frameworks;
			sourceTree = "<group>";
		};
		E57A10E5173DEDF9002055C2 /* Box2D */ = {
			isa = PBXGroup;
			children = (
				E57A1283173DFFEF002055C2 /* Collision */,
				E57A1291173DFFEF002055C2 /* Dynamics */,
				E57A1280173DFF7F002055C2 /* Configuration */,
			);
			path = Box2D;
			sourceTree = "<group>";
		};
		E57A10F7173DEDFA002055C2 /* Box2DTests */ = {
			isa = PBXGroup;
			children = (
				E560F6AE173E0A7600F3C277 /* Configuration */,
				E560F6B1173E0A7600F3C277 /* Dynamics */,
			);
			path = Box2DTests;
			sourceTree = "<group>";
		};
		E57A1134173DFD5E002055C2 /* Libraries */ = {
			isa = PBXGroup;
			children = (
				E57A1135173DFD5E002055C2 /* Box2D */,
			);
			path = Libraries;
			sourceTree = "<group>";
		};
		E57A1135173DFD5E002055C2 /* Box2D */ = {
			isa = PBXGroup;
			children = (
				E57A1136173DFD5E002055C2 /* Box2D.h */,
				E57A1137173DFD5E002055C2 /* Box2DConfig.cmake */,
				E57A1138173DFD5E002055C2 /* CMakeLists.txt */,
				E57A1139173DFD5E002055C2 /* Collision */,
				E57A1151173DFD5E002055C2 /* Common */,
				E57A115F173DFD5E002055C2 /* Dynamics */,
				E57A1197173DFD5E002055C2 /* Rope */,
			);
			path = Box2D;
			sourceTree = "<group>";
		};
		E57A1139173DFD5E002055C2 /* Collision */ = {
			isa = PBXGroup;
			children = (
				E57A113A173DFD5E002055C2 /* b2BroadPhase.cpp */,
				E57A113B173DFD5E002055C2 /* b2BroadPhase.h */,
				E57A113C173DFD5E002055C2 /* b2CollideCircle.cpp */,
				E57A113D173DFD5E002055C2 /* b2CollideEdge.cpp */,
				E57A113E173DFD5E002055C2 /* b2CollidePolygon.cpp */,
				E57A113F173DFD5E002055C2 /* b2Collision.cpp */,
				E57A1140173DFD5E002055C2 /* b2Collision.h */,
				E57A1141173DFD5E002055C2 /* b2Distance.cpp */,
				E57A1142173DFD5E002055C2 /* b2Distance.h */,
				E57A1143173DFD5E002055C2 /* b2DynamicTree.cpp */,
				E57A1144173DFD5E002055C2 /* b2DynamicTree.h */,
				E57A1145173DFD5E002055C2 /* b2TimeOfImpact.cpp */,
				E57A1146173DFD5E002055C2 /* b2TimeOfImpact.h */,
				E57A1147173DFD5E002055C2 /* Shapes */,
			);
			path = Collision;
			sourceTree = "<group>";
		};
		E57A1147173DFD5E002055C2 /* Shapes */ = {
			isa = PBXGroup;
			children = (
				E57A1148173DFD5E002055C2 /* b2ChainShape.cpp */,
				E57A1149173DFD5E002055C2 /* b2ChainShape.h */,
				E57A114A173DFD5E002055C2 /* b2CircleShape.cpp */,
				E57A114B173DFD5E002055C2 /* b2CircleShape.h */,
				E57A114C173DFD5E002055C2 /* b2EdgeShape.cpp */,
				E57A114D173DFD5E002055C2 /* b2EdgeShape.h */,
				E57A114E173DFD5E002055C2 /* b2PolygonShape.cpp */,
				E57A114F173DFD5E002055C2 /* b2PolygonShape.h */,
				E57A1150173DFD5E002055C2 /* b2Shape.h */,
			);
			path = Shapes;
			sourceTree = "<group>";
		};
		E57A1151173DFD5E002055C2 /* Common */ = {
			isa = PBXGroup;
			children = (
				E57A1152173DFD5E002055C2 /* b2BlockAllocator.cpp */,
				E57A1153173DFD5E002055C2 /* b2BlockAllocator.h */,
				E57A1154173DFD5E002055C2 /* b2Draw.cpp */,
				E57A1155173DFD5E002055C2 /* b2Draw.h */,
				E57A1156173DFD5E002055C2 /* b2GrowableStack.h */,
				E57A1157173DFD5E002055C2 /* b2Math.cpp */,
				E57A1158173DFD5E002055C2 /* b2Math.h */,
				E57A1159173DFD5E002055C2 /* b2Settings.cpp */,
				E57A115A173DFD5E002055C2 /* b2Settings.h */,
				E57A115B173DFD5E002055C2 /* b2StackAllocator.cpp */,
				E57A115C173DFD5E002055C2 /* b2StackAllocator.h */,
				E57A115D173DFD5E002055C2 /* b2Timer.cpp */,
				E57A115E173DFD5E002055C2 /* b2Timer.h */,
			);
			path = Common;
			sourceTree = "<group>";
		};
		E57A115F173DFD5E002055C2 /* Dynamics */ = {
			isa = PBXGroup;
			children = (
				E57A1160173DFD5E002055C2 /* b2Body.cpp */,
				E57A1161173DFD5E002055C2 /* b2Body.h */,
				E57A1162173DFD5E002055C2 /* b2ContactManager.cpp */,
				E57A1163173DFD5E002055C2 /* b2ContactManager.h */,
				E57A1164173DFD5E002055C2 /* b2Fixture.cpp */,
				E57A1165173DFD5E002055C2 /* b2Fixture.h */,
				E57A1166173DFD5E002055C2 /* b2Island.cpp */,
				E57A1167173DFD5E002055C2 /* b2Island.h */,
				E57A1168173DFD5E002055C2 /* b2TimeStep.h */,
				E57A1169173DFD5E002055C2 /* b2World.cpp */,
				E57A116A173DFD5E002055C2 /* b2World.h */,
				E57A116B173DFD5E002055C2 /* b2WorldCallbacks.cpp */,
				E57A116C173DFD5E002055C2 /* b2WorldCallbacks.h */,
				E57A116D173DFD5E002055C2 /* Contacts */,
				E57A1180173DFD5E002055C2 /* Joints */,
			);
			path = Dynamics;
			sourceTree = "<group>";
		};
		E57A116D173DFD5E002055C2 /* Contacts */ = {
			isa = PBXGroup;
			children = (
				E57A116E173DFD5E002055C2 /* b2ChainAndCircleContact.cpp */,
				E57A116F173DFD5E002055C2 /* b2ChainAndCircleContact.h */,
				E57A1170173DFD5E002055C2 /* b2ChainAndPolygonContact.cpp */,
				E57A1171173DFD5E002055C2 /* b2ChainAndPolygonContact.h */,
				E57A1172173DFD5E002055C2 /* b2CircleContact.cpp */,
				E57A1173173DFD5E002055C2 /* b2CircleContact.h */,
				E57A1174173DFD5E002055C2 /* b2Contact.cpp */,
				E57A1175173DFD5E002055C2 /* b2Contact.h */,
				E57A1176173DFD5E002055C2 /* b2ContactSolver.cpp */,
				E57A1177173DFD5E002055C2 /* b2ContactSolver.h */,
				E57A1178173DFD5E002055C2 /* b2EdgeAndCircleContact.cpp */,
				E57A1179173DFD5E002055C2 /* b2EdgeAndCircleContact.h */,
				E57A117A173DFD5E002055C2 /* b2EdgeAndPolygonContact.cpp */,
				E57A117B173DFD5E002055C2 /* b2EdgeAndPolygonContact.h */,
				E57A117C173DFD5E002055C2 /* b2PolygonAndCircleContact.cpp */,
				E57A117D173DFD5E002055C2 /* b2PolygonAndCircleContact.h */,
				E57A117E173DFD5E002055C2 /* b2PolygonContact.cpp */,
				E57A117F173DFD5E002055C2 /* b2PolygonContact.h */,
			);
			path = Contacts;
			sourceTree = "<group>";
		};
		E57A1180173DFD5E002055C2 /* Joints */ = {
			isa = PBXGroup;
			children = (
				E57A1181173DFD5E002055C2 /* b2DistanceJoint.cpp */,
				E57A1182173DFD5E002055C2 /* b2DistanceJoint.h */,
				E57A1183173DFD5E002055C2 /* b2FrictionJoint.cpp */,
				E57A1184173DFD5E002055C2 /* b2FrictionJoint.h */,
				E57A1185173DFD5E002055C2 /* b2GearJoint.cpp */,
				E57A1186173DFD5E002055C2 /* b2GearJoint.h */,
				E57A1187173DFD5E002055C2 /* b2Joint.cpp */,
				E57A1188173DFD5E002055C2 /* b2Joint.h */,
				E57A1189173DFD5E002055C2 /* b2MouseJoint.cpp */,
				E57A118A173DFD5E002055C2 /* b2MouseJoint.h */,
				E57A118B173DFD5E002055C2 /* b2PrismaticJoint.cpp */,
				E57A118C173DFD5E002055C2 /* b2PrismaticJoint.h */,
				E57A118D173DFD5E002055C2 /* b2PulleyJoint.cpp */,
				E57A118E173DFD5E002055C2 /* b2PulleyJoint.h */,
				E57A118F173DFD5E002055C2 /* b2RevoluteJoint.cpp */,
				E57A1190173DFD5E002055C2 /* b2RevoluteJoint.h */,
				E57A1191173DFD5E002055C2 /* b2RopeJoint.cpp */,
				E57A1192173DFD5E002055C2 /* b2RopeJoint.h */,
				E57A1193173DFD5E002055C2 /* b2WeldJoint.cpp */,
				E57A1194173DFD5E002055C2 /* b2WeldJoint.h */,
				E57A1195173DFD5E002055C2 /* b2WheelJoint.cpp */,
				E57A1196173DFD5E002055C2 /* b2WheelJoint.h */,
			);
			path = Joints;
			sourceTree = "<group>";
		};
		E57A1197173DFD5E002055C2 /* Rope */ = {
			isa = PBXGroup;
			children = (
				E57A1198173DFD5E002055C2 /* b2Rope.cpp */,
				E57A1199173DFD5E002055C2 /* b2Rope.h */,
			);
			path = Rope;
			sourceTree = "<group>";
		};
		E57A1280173DFF7F002055C2 /* Configuration */ = {
			isa = PBXGroup;
			children = (
				E57A1281173DFF7F002055C2 /* Box2D-Prefix.pch */,
			);
			path = Configuration;
			sourceTree = "<group>";
		};
		E57A1283173DFFEF002055C2 /* Collision */ = {
			isa = PBXGroup;
			children = (
				E57A1284173DFFEF002055C2 /* B2DContactListener.h */,
				E57A1285173DFFEF002055C2 /* B2DContactListener.mm */,
				E57A1286173DFFEF002055C2 /* ContactListener.cpp */,
				E57A1287173DFFEF002055C2 /* ContactListener.h */,
				E57A1288173DFFEF002055C2 /* Shapes */,
			);
			path = Collision;
			sourceTree = "<group>";
		};
		E57A1288173DFFEF002055C2 /* Shapes */ = {
			isa = PBXGroup;
			children = (
				E57A1289173DFFEF002055C2 /* B2DCircleShape.h */,
				E57A128A173DFFEF002055C2 /* B2DCircleShape.mm */,
				E57A128B173DFFEF002055C2 /* B2DEdgeShape.h */,
				E57A128C173DFFEF002055C2 /* B2DEdgeShape.mm */,
				E57A128D173DFFEF002055C2 /* B2DPolygonShape.h */,
				E57A128E173DFFEF002055C2 /* B2DPolygonShape.mm */,
				E57A128F173DFFEF002055C2 /* B2DShape.h */,
				E57A1290173DFFEF002055C2 /* B2DShape.mm */,
			);
			path = Shapes;
			sourceTree = "<group>";
		};
		E57A1291173DFFEF002055C2 /* Dynamics */ = {
			isa = PBXGroup;
			children = (
				E57A1292173DFFEF002055C2 /* B2DBody.h */,
				E57A1293173DFFEF002055C2 /* B2DBody.mm */,
				E57A1294173DFFEF002055C2 /* B2DWorld.h */,
				E57A1295173DFFEF002055C2 /* B2DWorld.mm */,
			);
			path = Dynamics;
			sourceTree = "<group>";
		};
/* End PBXGroup section */

/* Begin PBXHeadersBuildPhase section */
		E560F707173E0C3500F3C277 /* Headers */ = {
			isa = PBXHeadersBuildPhase;
			buildActionMask = 2147483647;
			files = (
				E560F708173E0C3800F3C277 /* B2DContactListener.h in Headers */,
				E560F70B173E0C3E00F3C277 /* B2DPolygonShape.h in Headers */,
				E560F709173E0C3B00F3C277 /* B2DCircleShape.h in Headers */,
				E560F70E173E0C4600F3C277 /* B2DWorld.h in Headers */,
				E560F70D173E0C4500F3C277 /* B2DBody.h in Headers */,
				E560F70C173E0C4300F3C277 /* B2DShape.h in Headers */,
				E560F70A173E0C3D00F3C277 /* B2DEdgeShape.h in Headers */,
			);
			runOnlyForDeploymentPostprocessing = 0;
		};
		E57A10DA173DEDF9002055C2 /* Headers */ = {
			isa = PBXHeadersBuildPhase;
			buildActionMask = 2147483647;
			files = (
				E560F700173E0C1F00F3C277 /* B2DContactListener.h in Headers */,
				E560F704173E0C2A00F3C277 /* B2DShape.h in Headers */,
				E560F701173E0C2200F3C277 /* B2DCircleShape.h in Headers */,
				E560F705173E0C2D00F3C277 /* B2DBody.h in Headers */,
				E560F706173E0C2F00F3C277 /* B2DWorld.h in Headers */,
				E560F703173E0C2700F3C277 /* B2DPolygonShape.h in Headers */,
				E560F702173E0C2400F3C277 /* B2DEdgeShape.h in Headers */,
			);
			runOnlyForDeploymentPostprocessing = 0;
		};
/* End PBXHeadersBuildPhase section */

/* Begin PBXNativeTarget section */
		E57A10DB173DEDF9002055C2 /* Box2D - OSX */ = {
			isa = PBXNativeTarget;
			buildConfigurationList = E57A1102173DEDFA002055C2 /* Build configuration list for PBXNativeTarget "Box2D - OSX" */;
			buildPhases = (
				E57A10D8173DEDF9002055C2 /* Sources */,
				E57A10D9173DEDF9002055C2 /* Frameworks */,
				E57A10DA173DEDF9002055C2 /* Headers */,
			);
			buildRules = (
			);
			dependencies = (
			);
			name = "Box2D - OSX";
			productName = Box2D;
			productReference = E57A10DC173DEDF9002055C2 /* libBox2D.a */;
			productType = "com.apple.product-type.library.static";
		};
		E57A10EF173DEDFA002055C2 /* Box2DTests */ = {
			isa = PBXNativeTarget;
			buildConfigurationList = E57A1105173DEDFA002055C2 /* Build configuration list for PBXNativeTarget "Box2DTests" */;
			buildPhases = (
				E57A10EB173DEDFA002055C2 /* Sources */,
				E57A10EC173DEDFA002055C2 /* Frameworks */,
				E57A10ED173DEDFA002055C2 /* Resources */,
				E57A10EE173DEDFA002055C2 /* ShellScript */,
			);
			buildRules = (
			);
			dependencies = (
				E57A10F5173DEDFA002055C2 /* PBXTargetDependency */,
			);
			name = Box2DTests;
			productName = Box2DTests;
			productReference = E57A10F0173DEDFA002055C2 /* Box2DTests.octest */;
			productType = "com.apple.product-type.bundle";
		};
		E57A110B173DEEF0002055C2 /* Box2D - iOS */ = {
			isa = PBXNativeTarget;
			buildConfigurationList = E57A112C173DEEF0002055C2 /* Build configuration list for PBXNativeTarget "Box2D - iOS" */;
			buildPhases = (
				E57A1108173DEEF0002055C2 /* Sources */,
				E57A1109173DEEF0002055C2 /* Frameworks */,
				E57A110A173DEEF0002055C2 /* CopyFiles */,
				E560F707173E0C3500F3C277 /* Headers */,
			);
			buildRules = (
			);
			dependencies = (
			);
			name = "Box2D - iOS";
			productName = Box2D;
			productReference = E57A110C173DEEF0002055C2 /* libBox2D.a */;
			productType = "com.apple.product-type.library.static";
		};
/* End PBXNativeTarget section */

/* Begin PBXProject section */
		E57A10D4173DEDF9002055C2 /* Project object */ = {
			isa = PBXProject;
			attributes = {
				LastUpgradeCheck = 0460;
				ORGANIZATIONNAME = Joybox;
			};
			buildConfigurationList = E57A10D7173DEDF9002055C2 /* Build configuration list for PBXProject "Box2D" */;
			compatibilityVersion = "Xcode 3.2";
			developmentRegion = English;
			hasScannedForEncodings = 0;
			knownRegions = (
				en,
			);
			mainGroup = E57A10D3173DEDF9002055C2;
			productRefGroup = E57A10DD173DEDF9002055C2 /* Products */;
			projectDirPath = "";
			projectRoot = "";
			targets = (
				E57A10DB173DEDF9002055C2 /* Box2D - OSX */,
				E57A110B173DEEF0002055C2 /* Box2D - iOS */,
				E57A10EF173DEDFA002055C2 /* Box2DTests */,
			);
		};
/* End PBXProject section */

/* Begin PBXResourcesBuildPhase section */
		E57A10ED173DEDFA002055C2 /* Resources */ = {
			isa = PBXResourcesBuildPhase;
			buildActionMask = 2147483647;
			files = (
				E57A119B173DFD5E002055C2 /* Box2DConfig.cmake in Resources */,
				E57A119D173DFD5E002055C2 /* CMakeLists.txt in Resources */,
				E560F6B4173E0A7600F3C277 /* Box2DTests-Info.plist in Resources */,
				E560F6B5173E0A7600F3C277 /* InfoPlist.strings in Resources */,
			);
			runOnlyForDeploymentPostprocessing = 0;
		};
/* End PBXResourcesBuildPhase section */

/* Begin PBXShellScriptBuildPhase section */
		E57A10EE173DEDFA002055C2 /* ShellScript */ = {
			isa = PBXShellScriptBuildPhase;
			buildActionMask = 2147483647;
			files = (
			);
			inputPaths = (
			);
			outputPaths = (
			);
			runOnlyForDeploymentPostprocessing = 0;
			shellPath = /bin/sh;
			shellScript = "# Run the unit tests in this test bundle.\n\"${SYSTEM_DEVELOPER_DIR}/Tools/RunUnitTests\"\n";
		};
/* End PBXShellScriptBuildPhase section */

/* Begin PBXSourcesBuildPhase section */
		E57A10D8173DEDF9002055C2 /* Sources */ = {
			isa = PBXSourcesBuildPhase;
			buildActionMask = 2147483647;
			files = (
				E57A119F173DFD5E002055C2 /* b2BroadPhase.cpp in Sources */,
				E57A11A4173DFD5E002055C2 /* b2CollideCircle.cpp in Sources */,
				E57A11A8173DFD5E002055C2 /* b2CollideEdge.cpp in Sources */,
				E57A11AC173DFD5E002055C2 /* b2CollidePolygon.cpp in Sources */,
				E57A11B0173DFD5E002055C2 /* b2Collision.cpp in Sources */,
				E57A11B5173DFD5E002055C2 /* b2Distance.cpp in Sources */,
				E57A11BA173DFD5E002055C2 /* b2DynamicTree.cpp in Sources */,
				E57A11BF173DFD5E002055C2 /* b2TimeOfImpact.cpp in Sources */,
				E57A11C4173DFD5E002055C2 /* b2ChainShape.cpp in Sources */,
				E57A11C9173DFD5E002055C2 /* b2CircleShape.cpp in Sources */,
				E57A11CE173DFD5E002055C2 /* b2EdgeShape.cpp in Sources */,
				E57A11D3173DFD5E002055C2 /* b2PolygonShape.cpp in Sources */,
				E57A11D9173DFD5E002055C2 /* b2BlockAllocator.cpp in Sources */,
				E57A11DE173DFD5E002055C2 /* b2Draw.cpp in Sources */,
				E57A11E4173DFD5E002055C2 /* b2Math.cpp in Sources */,
				E57A11E9173DFD5E002055C2 /* b2Settings.cpp in Sources */,
				E57A11EE173DFD5E002055C2 /* b2StackAllocator.cpp in Sources */,
				E57A11F3173DFD5E002055C2 /* b2Timer.cpp in Sources */,
				E57A11F8173DFD5E002055C2 /* b2Body.cpp in Sources */,
				E57A11FD173DFD5E002055C2 /* b2ContactManager.cpp in Sources */,
				E57A1202173DFD5E002055C2 /* b2Fixture.cpp in Sources */,
				E57A1207173DFD5E002055C2 /* b2Island.cpp in Sources */,
				E57A120D173DFD5E002055C2 /* b2World.cpp in Sources */,
				E57A1212173DFD5E002055C2 /* b2WorldCallbacks.cpp in Sources */,
				E57A1217173DFD5E002055C2 /* b2ChainAndCircleContact.cpp in Sources */,
				E57A121C173DFD5E002055C2 /* b2ChainAndPolygonContact.cpp in Sources */,
				E57A1221173DFD5E002055C2 /* b2CircleContact.cpp in Sources */,
				E57A1226173DFD5E002055C2 /* b2Contact.cpp in Sources */,
				E57A122B173DFD5E002055C2 /* b2ContactSolver.cpp in Sources */,
				E57A1230173DFD5E002055C2 /* b2EdgeAndCircleContact.cpp in Sources */,
				E57A1235173DFD5E002055C2 /* b2EdgeAndPolygonContact.cpp in Sources */,
				E57A123A173DFD5E002055C2 /* b2PolygonAndCircleContact.cpp in Sources */,
				E57A123F173DFD5E002055C2 /* b2PolygonContact.cpp in Sources */,
				E57A1244173DFD5E002055C2 /* b2DistanceJoint.cpp in Sources */,
				E57A1249173DFD5E002055C2 /* b2FrictionJoint.cpp in Sources */,
				E57A124E173DFD5E002055C2 /* b2GearJoint.cpp in Sources */,
				E57A1253173DFD5E002055C2 /* b2Joint.cpp in Sources */,
				E57A1258173DFD5E002055C2 /* b2MouseJoint.cpp in Sources */,
				E57A125D173DFD5E002055C2 /* b2PrismaticJoint.cpp in Sources */,
				E57A1262173DFD5E002055C2 /* b2PulleyJoint.cpp in Sources */,
				E57A1267173DFD5E002055C2 /* b2RevoluteJoint.cpp in Sources */,
				E57A126C173DFD5E002055C2 /* b2RopeJoint.cpp in Sources */,
				E57A1271173DFD5E002055C2 /* b2WeldJoint.cpp in Sources */,
				E57A1276173DFD5E002055C2 /* b2WheelJoint.cpp in Sources */,
				E57A127B173DFD5E002055C2 /* b2Rope.cpp in Sources */,
				E57A1297173DFFEF002055C2 /* B2DContactListener.mm in Sources */,
				E57A129A173DFFEF002055C2 /* ContactListener.cpp in Sources */,
				E57A129F173DFFEF002055C2 /* B2DCircleShape.mm in Sources */,
				E57A12A3173DFFEF002055C2 /* B2DEdgeShape.mm in Sources */,
				E57A12A7173DFFEF002055C2 /* B2DPolygonShape.mm in Sources */,
				E57A12AB173DFFEF002055C2 /* B2DShape.mm in Sources */,
				E57A12AF173DFFEF002055C2 /* B2DBody.mm in Sources */,
				E57A12B3173DFFEF002055C2 /* B2DWorld.mm in Sources */,
			);
			runOnlyForDeploymentPostprocessing = 0;
		};
		E57A10EB173DEDFA002055C2 /* Sources */ = {
			isa = PBXSourcesBuildPhase;
			buildActionMask = 2147483647;
			files = (
				E57A11A0173DFD5E002055C2 /* b2BroadPhase.cpp in Sources */,
				E57A11A5173DFD5E002055C2 /* b2CollideCircle.cpp in Sources */,
				E57A11A9173DFD5E002055C2 /* b2CollideEdge.cpp in Sources */,
				E57A11AD173DFD5E002055C2 /* b2CollidePolygon.cpp in Sources */,
				E57A11B1173DFD5E002055C2 /* b2Collision.cpp in Sources */,
				E57A11B6173DFD5E002055C2 /* b2Distance.cpp in Sources */,
				E57A11BB173DFD5E002055C2 /* b2DynamicTree.cpp in Sources */,
				E57A11C0173DFD5E002055C2 /* b2TimeOfImpact.cpp in Sources */,
				E57A11C5173DFD5E002055C2 /* b2ChainShape.cpp in Sources */,
				E57A11CA173DFD5E002055C2 /* b2CircleShape.cpp in Sources */,
				E57A11CF173DFD5E002055C2 /* b2EdgeShape.cpp in Sources */,
				E57A11D4173DFD5E002055C2 /* b2PolygonShape.cpp in Sources */,
				E57A11DA173DFD5E002055C2 /* b2BlockAllocator.cpp in Sources */,
				E57A11DF173DFD5E002055C2 /* b2Draw.cpp in Sources */,
				E57A11E5173DFD5E002055C2 /* b2Math.cpp in Sources */,
				E57A11EA173DFD5E002055C2 /* b2Settings.cpp in Sources */,
				E57A11EF173DFD5E002055C2 /* b2StackAllocator.cpp in Sources */,
				E57A11F4173DFD5E002055C2 /* b2Timer.cpp in Sources */,
				E57A11F9173DFD5E002055C2 /* b2Body.cpp in Sources */,
				E57A11FE173DFD5E002055C2 /* b2ContactManager.cpp in Sources */,
				E57A1203173DFD5E002055C2 /* b2Fixture.cpp in Sources */,
				E57A1208173DFD5E002055C2 /* b2Island.cpp in Sources */,
				E57A120E173DFD5E002055C2 /* b2World.cpp in Sources */,
				E57A1213173DFD5E002055C2 /* b2WorldCallbacks.cpp in Sources */,
				E57A1218173DFD5E002055C2 /* b2ChainAndCircleContact.cpp in Sources */,
				E57A121D173DFD5E002055C2 /* b2ChainAndPolygonContact.cpp in Sources */,
				E57A1222173DFD5E002055C2 /* b2CircleContact.cpp in Sources */,
				E57A1227173DFD5E002055C2 /* b2Contact.cpp in Sources */,
				E57A122C173DFD5E002055C2 /* b2ContactSolver.cpp in Sources */,
				E57A1231173DFD5E002055C2 /* b2EdgeAndCircleContact.cpp in Sources */,
				E57A1236173DFD5E002055C2 /* b2EdgeAndPolygonContact.cpp in Sources */,
				E57A123B173DFD5E002055C2 /* b2PolygonAndCircleContact.cpp in Sources */,
				E57A1240173DFD5E002055C2 /* b2PolygonContact.cpp in Sources */,
				E57A1245173DFD5E002055C2 /* b2DistanceJoint.cpp in Sources */,
				E57A124A173DFD5E002055C2 /* b2FrictionJoint.cpp in Sources */,
				E57A124F173DFD5E002055C2 /* b2GearJoint.cpp in Sources */,
				E57A1254173DFD5E002055C2 /* b2Joint.cpp in Sources */,
				E57A1259173DFD5E002055C2 /* b2MouseJoint.cpp in Sources */,
				E57A125E173DFD5E002055C2 /* b2PrismaticJoint.cpp in Sources */,
				E57A1263173DFD5E002055C2 /* b2PulleyJoint.cpp in Sources */,
				E57A1268173DFD5E002055C2 /* b2RevoluteJoint.cpp in Sources */,
				E57A126D173DFD5E002055C2 /* b2RopeJoint.cpp in Sources */,
				E57A1272173DFD5E002055C2 /* b2WeldJoint.cpp in Sources */,
				E57A1277173DFD5E002055C2 /* b2WheelJoint.cpp in Sources */,
				E57A127C173DFD5E002055C2 /* b2Rope.cpp in Sources */,
				E57A1299173DFFEF002055C2 /* B2DContactListener.mm in Sources */,
				E57A129C173DFFEF002055C2 /* ContactListener.cpp in Sources */,
				E57A12A1173DFFEF002055C2 /* B2DCircleShape.mm in Sources */,
				E57A12A5173DFFEF002055C2 /* B2DEdgeShape.mm in Sources */,
				E57A12A9173DFFEF002055C2 /* B2DPolygonShape.mm in Sources */,
				E57A12AD173DFFEF002055C2 /* B2DShape.mm in Sources */,
				E57A12B1173DFFEF002055C2 /* B2DBody.mm in Sources */,
				E57A12B5173DFFEF002055C2 /* B2DWorld.mm in Sources */,
				E560F6B6173E0A7600F3C277 /* B2DWorldTest.mm in Sources */,
			);
			runOnlyForDeploymentPostprocessing = 0;
		};
		E57A1108173DEEF0002055C2 /* Sources */ = {
			isa = PBXSourcesBuildPhase;
			buildActionMask = 2147483647;
			files = (
				E57A11A1173DFD5E002055C2 /* b2BroadPhase.cpp in Sources */,
				E57A11A6173DFD5E002055C2 /* b2CollideCircle.cpp in Sources */,
				E57A11AA173DFD5E002055C2 /* b2CollideEdge.cpp in Sources */,
				E57A11AE173DFD5E002055C2 /* b2CollidePolygon.cpp in Sources */,
				E57A11B2173DFD5E002055C2 /* b2Collision.cpp in Sources */,
				E57A11B7173DFD5E002055C2 /* b2Distance.cpp in Sources */,
				E57A11BC173DFD5E002055C2 /* b2DynamicTree.cpp in Sources */,
				E57A11C1173DFD5E002055C2 /* b2TimeOfImpact.cpp in Sources */,
				E57A11C6173DFD5E002055C2 /* b2ChainShape.cpp in Sources */,
				E57A11CB173DFD5E002055C2 /* b2CircleShape.cpp in Sources */,
				E57A11D0173DFD5E002055C2 /* b2EdgeShape.cpp in Sources */,
				E57A11D5173DFD5E002055C2 /* b2PolygonShape.cpp in Sources */,
				E57A11DB173DFD5E002055C2 /* b2BlockAllocator.cpp in Sources */,
				E57A11E0173DFD5E002055C2 /* b2Draw.cpp in Sources */,
				E57A11E6173DFD5E002055C2 /* b2Math.cpp in Sources */,
				E57A11EB173DFD5E002055C2 /* b2Settings.cpp in Sources */,
				E57A11F0173DFD5E002055C2 /* b2StackAllocator.cpp in Sources */,
				E57A11F5173DFD5E002055C2 /* b2Timer.cpp in Sources */,
				E57A11FA173DFD5E002055C2 /* b2Body.cpp in Sources */,
				E57A11FF173DFD5E002055C2 /* b2ContactManager.cpp in Sources */,
				E57A1204173DFD5E002055C2 /* b2Fixture.cpp in Sources */,
				E57A1209173DFD5E002055C2 /* b2Island.cpp in Sources */,
				E57A120F173DFD5E002055C2 /* b2World.cpp in Sources */,
				E57A1214173DFD5E002055C2 /* b2WorldCallbacks.cpp in Sources */,
				E57A1219173DFD5E002055C2 /* b2ChainAndCircleContact.cpp in Sources */,
				E57A121E173DFD5E002055C2 /* b2ChainAndPolygonContact.cpp in Sources */,
				E57A1223173DFD5E002055C2 /* b2CircleContact.cpp in Sources */,
				E57A1228173DFD5E002055C2 /* b2Contact.cpp in Sources */,
				E57A122D173DFD5E002055C2 /* b2ContactSolver.cpp in Sources */,
				E57A1232173DFD5E002055C2 /* b2EdgeAndCircleContact.cpp in Sources */,
				E57A1237173DFD5E002055C2 /* b2EdgeAndPolygonContact.cpp in Sources */,
				E57A123C173DFD5E002055C2 /* b2PolygonAndCircleContact.cpp in Sources */,
				E57A1241173DFD5E002055C2 /* b2PolygonContact.cpp in Sources */,
				E57A1246173DFD5E002055C2 /* b2DistanceJoint.cpp in Sources */,
				E57A124B173DFD5E002055C2 /* b2FrictionJoint.cpp in Sources */,
				E57A1250173DFD5E002055C2 /* b2GearJoint.cpp in Sources */,
				E57A1255173DFD5E002055C2 /* b2Joint.cpp in Sources */,
				E57A125A173DFD5E002055C2 /* b2MouseJoint.cpp in Sources */,
				E57A125F173DFD5E002055C2 /* b2PrismaticJoint.cpp in Sources */,
				E57A1264173DFD5E002055C2 /* b2PulleyJoint.cpp in Sources */,
				E57A1269173DFD5E002055C2 /* b2RevoluteJoint.cpp in Sources */,
				E57A126E173DFD5E002055C2 /* b2RopeJoint.cpp in Sources */,
				E57A1273173DFD5E002055C2 /* b2WeldJoint.cpp in Sources */,
				E57A1278173DFD5E002055C2 /* b2WheelJoint.cpp in Sources */,
				E57A127D173DFD5E002055C2 /* b2Rope.cpp in Sources */,
				E57A1298173DFFEF002055C2 /* B2DContactListener.mm in Sources */,
				E57A129B173DFFEF002055C2 /* ContactListener.cpp in Sources */,
				E57A12A0173DFFEF002055C2 /* B2DCircleShape.mm in Sources */,
				E57A12A4173DFFEF002055C2 /* B2DEdgeShape.mm in Sources */,
				E57A12A8173DFFEF002055C2 /* B2DPolygonShape.mm in Sources */,
				E57A12AC173DFFEF002055C2 /* B2DShape.mm in Sources */,
				E57A12B0173DFFEF002055C2 /* B2DBody.mm in Sources */,
				E57A12B4173DFFEF002055C2 /* B2DWorld.mm in Sources */,
			);
			runOnlyForDeploymentPostprocessing = 0;
		};
/* End PBXSourcesBuildPhase section */

/* Begin PBXTargetDependency section */
		E57A10F5173DEDFA002055C2 /* PBXTargetDependency */ = {
			isa = PBXTargetDependency;
			target = E57A10DB173DEDF9002055C2 /* Box2D - OSX */;
			targetProxy = E57A10F4173DEDFA002055C2 /* PBXContainerItemProxy */;
		};
/* End PBXTargetDependency section */

/* Begin XCBuildConfiguration section */
		E57A1100173DEDFA002055C2 /* Debug */ = {
			isa = XCBuildConfiguration;
			buildSettings = {
				ALWAYS_SEARCH_USER_PATHS = NO;
				ARCHS = "$(ARCHS_STANDARD_32_64_BIT)";
				CLANG_CXX_LANGUAGE_STANDARD = "gnu++0x";
				CLANG_CXX_LIBRARY = "libc++";
				CLANG_WARN_CONSTANT_CONVERSION = YES;
				CLANG_WARN_EMPTY_BODY = YES;
				CLANG_WARN_ENUM_CONVERSION = YES;
				CLANG_WARN_INT_CONVERSION = YES;
				CLANG_WARN__DUPLICATE_METHOD_MATCH = YES;
				COPY_PHASE_STRIP = NO;
				GCC_C_LANGUAGE_STANDARD = gnu99;
				GCC_DYNAMIC_NO_PIC = NO;
				GCC_ENABLE_OBJC_EXCEPTIONS = YES;
				GCC_OPTIMIZATION_LEVEL = 0;
				GCC_PREPROCESSOR_DEFINITIONS = (
					"DEBUG=1",
					"$(inherited)",
				);
				GCC_SYMBOLS_PRIVATE_EXTERN = NO;
				GCC_WARN_64_TO_32_BIT_CONVERSION = YES;
				GCC_WARN_ABOUT_RETURN_TYPE = YES;
				GCC_WARN_UNINITIALIZED_AUTOS = YES;
				GCC_WARN_UNUSED_VARIABLE = YES;
				MACOSX_DEPLOYMENT_TARGET = 10.8;
				ONLY_ACTIVE_ARCH = NO;
				SDKROOT = macosx;
				SUPPORTED_PLATFORMS = macosx;
			};
			name = Debug;
		};
		E57A1101173DEDFA002055C2 /* Release */ = {
			isa = XCBuildConfiguration;
			buildSettings = {
				ALWAYS_SEARCH_USER_PATHS = NO;
				ARCHS = "$(ARCHS_STANDARD_32_64_BIT)";
				CLANG_CXX_LANGUAGE_STANDARD = "gnu++0x";
				CLANG_CXX_LIBRARY = "libc++";
				CLANG_WARN_CONSTANT_CONVERSION = YES;
				CLANG_WARN_EMPTY_BODY = YES;
				CLANG_WARN_ENUM_CONVERSION = YES;
				CLANG_WARN_INT_CONVERSION = YES;
				CLANG_WARN__DUPLICATE_METHOD_MATCH = YES;
				COPY_PHASE_STRIP = YES;
				DEBUG_INFORMATION_FORMAT = "dwarf-with-dsym";
				GCC_C_LANGUAGE_STANDARD = gnu99;
				GCC_ENABLE_OBJC_EXCEPTIONS = YES;
				GCC_WARN_64_TO_32_BIT_CONVERSION = YES;
				GCC_WARN_ABOUT_RETURN_TYPE = YES;
				GCC_WARN_UNINITIALIZED_AUTOS = YES;
				GCC_WARN_UNUSED_VARIABLE = YES;
				MACOSX_DEPLOYMENT_TARGET = 10.8;
				ONLY_ACTIVE_ARCH = NO;
				SDKROOT = macosx;
				SUPPORTED_PLATFORMS = macosx;
			};
			name = Release;
		};
		E57A1103173DEDFA002055C2 /* Debug */ = {
			isa = XCBuildConfiguration;
			buildSettings = {
				GCC_PRECOMPILE_PREFIX_HEADER = YES;
				GCC_PREFIX_HEADER = "Box2D/Configuration/Box2D-Prefix.pch";
				HEADER_SEARCH_PATHS = "\"${SRCROOT}/Libraries/\"/**";
				PRODUCT_NAME = Box2D;
			};
			name = Debug;
		};
		E57A1104173DEDFA002055C2 /* Release */ = {
			isa = XCBuildConfiguration;
			buildSettings = {
				GCC_PRECOMPILE_PREFIX_HEADER = YES;
				GCC_PREFIX_HEADER = "Box2D/Configuration/Box2D-Prefix.pch";
				HEADER_SEARCH_PATHS = "\"${SRCROOT}/Libraries/\"/**";
				PRODUCT_NAME = Box2D;
			};
			name = Release;
		};
		E57A1106173DEDFA002055C2 /* Debug */ = {
			isa = XCBuildConfiguration;
			buildSettings = {
				COMBINE_HIDPI_IMAGES = YES;
				FRAMEWORK_SEARCH_PATHS = "\"$(DEVELOPER_LIBRARY_DIR)/Frameworks\"";
				GCC_PRECOMPILE_PREFIX_HEADER = YES;
				GCC_PREFIX_HEADER = "Box2D/Configuration/Box2D-Prefix.pch";
				HEADER_SEARCH_PATHS = "\"${SRCROOT}/Libraries/\"/**";
				INFOPLIST_FILE = "Box2DTests/Configuration/Box2DTests-Info.plist";
				PRODUCT_NAME = "$(TARGET_NAME)";
				VALID_ARCHS = "i386 x86_64";
				WRAPPER_EXTENSION = octest;
			};
			name = Debug;
		};
		E57A1107173DEDFA002055C2 /* Release */ = {
			isa = XCBuildConfiguration;
			buildSettings = {
				COMBINE_HIDPI_IMAGES = YES;
				FRAMEWORK_SEARCH_PATHS = "\"$(DEVELOPER_LIBRARY_DIR)/Frameworks\"";
				GCC_PRECOMPILE_PREFIX_HEADER = YES;
				GCC_PREFIX_HEADER = "Box2D/Configuration/Box2D-Prefix.pch";
				HEADER_SEARCH_PATHS = "\"${SRCROOT}/Libraries/\"/**";
				INFOPLIST_FILE = "Box2DTests/Configuration/Box2DTests-Info.plist";
				PRODUCT_NAME = "$(TARGET_NAME)";
				VALID_ARCHS = "i386 x86_64";
				WRAPPER_EXTENSION = octest;
			};
			name = Release;
		};
		E57A112D173DEEF0002055C2 /* Debug */ = {
			isa = XCBuildConfiguration;
			buildSettings = {
				ARCHS = "$(ARCHS_STANDARD_32_BIT)";
				DSTROOT = /tmp/Box2D.dst;
				FRAMEWORK_SEARCH_PATHS = (
					"$(inherited)",
					"\"$(SYSTEM_APPS_DIR)/Xcode.app/Contents/Developer/Library/Frameworks\"",
				);
				GCC_PRECOMPILE_PREFIX_HEADER = YES;
				GCC_PREFIX_HEADER = "Box2D/Configuration/Box2D-Prefix.pch";
				HEADER_SEARCH_PATHS = "\"${SRCROOT}/Libraries/\"/**";
				IPHONEOS_DEPLOYMENT_TARGET = 6.1;
				OTHER_LDFLAGS = "-ObjC";
				PRODUCT_NAME = Box2D;
				SDKROOT = iphoneos;
				SKIP_INSTALL = NO;
				SUPPORTED_PLATFORMS = "iphonesimulator iphoneos";
				VALID_ARCHS = "armv7 armv7s i386";
			};
			name = Debug;
		};
		E57A112E173DEEF0002055C2 /* Release */ = {
			isa = XCBuildConfiguration;
			buildSettings = {
				ARCHS = "$(ARCHS_STANDARD_32_BIT)";
				DSTROOT = /tmp/Box2D.dst;
				FRAMEWORK_SEARCH_PATHS = (
					"$(inherited)",
					"\"$(SYSTEM_APPS_DIR)/Xcode.app/Contents/Developer/Library/Frameworks\"",
				);
				GCC_PRECOMPILE_PREFIX_HEADER = YES;
				GCC_PREFIX_HEADER = "Box2D/Configuration/Box2D-Prefix.pch";
				HEADER_SEARCH_PATHS = "\"${SRCROOT}/Libraries/\"/**";
				IPHONEOS_DEPLOYMENT_TARGET = 6.1;
				OTHER_LDFLAGS = "-ObjC";
				PRODUCT_NAME = Box2D;
				SDKROOT = iphoneos;
				SKIP_INSTALL = NO;
				SUPPORTED_PLATFORMS = "iphonesimulator iphoneos";
				VALIDATE_PRODUCT = YES;
				VALID_ARCHS = "armv7 armv7s i386";
			};
			name = Release;
		};
/* End XCBuildConfiguration section */

/* Begin XCConfigurationList section */
		E57A10D7173DEDF9002055C2 /* Build configuration list for PBXProject "Box2D" */ = {
			isa = XCConfigurationList;
			buildConfigurations = (
				E57A1100173DEDFA002055C2 /* Debug */,
				E57A1101173DEDFA002055C2 /* Release */,
			);
			defaultConfigurationIsVisible = 0;
			defaultConfigurationName = Release;
		};
		E57A1102173DEDFA002055C2 /* Build configuration list for PBXNativeTarget "Box2D - OSX" */ = {
			isa = XCConfigurationList;
			buildConfigurations = (
				E57A1103173DEDFA002055C2 /* Debug */,
				E57A1104173DEDFA002055C2 /* Release */,
			);
			defaultConfigurationIsVisible = 0;
			defaultConfigurationName = Release;
		};
		E57A1105173DEDFA002055C2 /* Build configuration list for PBXNativeTarget "Box2DTests" */ = {
			isa = XCConfigurationList;
			buildConfigurations = (
				E57A1106173DEDFA002055C2 /* Debug */,
				E57A1107173DEDFA002055C2 /* Release */,
			);
			defaultConfigurationIsVisible = 0;
			defaultConfigurationName = Release;
		};
		E57A112C173DEEF0002055C2 /* Build configuration list for PBXNativeTarget "Box2D - iOS" */ = {
			isa = XCConfigurationList;
			buildConfigurations = (
				E57A112D173DEEF0002055C2 /* Debug */,
				E57A112E173DEEF0002055C2 /* Release */,
			);
			defaultConfigurationIsVisible = 0;
			defaultConfigurationName = Release;
		};
/* End XCConfigurationList section */
	};
	rootObject = E57A10D4173DEDF9002055C2 /* Project object */;
}
